// !$*UTF8*$!
{
	archiveVersion = 1;
	classes = {
	};
	objectVersion = 46;
	objects = {

/* Begin PBXBuildFile section */
		270E489D19F97AEF00318268 /* libiberty.a in Frameworks */ = {isa = PBXBuildFile; fileRef = 270E489C19F97AEF00318268 /* libiberty.a */; };
		271BE0A61A5F3EC300D38EF9 /* BlockNestStackRoutines.cpp in Sources */ = {isa = PBXBuildFile; fileRef = 271BE0981A5F3EC300D38EF9 /* BlockNestStackRoutines.cpp */; };
		271BE0A71A5F3EC300D38EF9 /* CompileDatBlocks.cpp in Sources */ = {isa = PBXBuildFile; fileRef = 271BE0991A5F3EC300D38EF9 /* CompileDatBlocks.cpp */; };
		271BE0A81A5F3EC300D38EF9 /* CompileExpression.cpp in Sources */ = {isa = PBXBuildFile; fileRef = 271BE09A1A5F3EC300D38EF9 /* CompileExpression.cpp */; };
		271BE0A91A5F3EC300D38EF9 /* CompileInstruction.cpp in Sources */ = {isa = PBXBuildFile; fileRef = 271BE09B1A5F3EC300D38EF9 /* CompileInstruction.cpp */; };
		271BE0AA1A5F3EC300D38EF9 /* CompileUtilities.cpp in Sources */ = {isa = PBXBuildFile; fileRef = 271BE09C1A5F3EC300D38EF9 /* CompileUtilities.cpp */; };
		271BE0AB1A5F3EC300D38EF9 /* DistillObjects.cpp in Sources */ = {isa = PBXBuildFile; fileRef = 271BE09D1A5F3EC300D38EF9 /* DistillObjects.cpp */; };
		271BE0AC1A5F3EC300D38EF9 /* Elementizer.cpp in Sources */ = {isa = PBXBuildFile; fileRef = 271BE09E1A5F3EC300D38EF9 /* Elementizer.cpp */; };
		271BE0AD1A5F3EC300D38EF9 /* ErrorStrings.cpp in Sources */ = {isa = PBXBuildFile; fileRef = 271BE09F1A5F3EC300D38EF9 /* ErrorStrings.cpp */; };
		271BE0AE1A5F3EC300D38EF9 /* ExpressionResolver.cpp in Sources */ = {isa = PBXBuildFile; fileRef = 271BE0A01A5F3EC300D38EF9 /* ExpressionResolver.cpp */; };
		271BE0AF1A5F3EC300D38EF9 /* InstructionBlockCompiler.cpp in Sources */ = {isa = PBXBuildFile; fileRef = 271BE0A11A5F3EC300D38EF9 /* InstructionBlockCompiler.cpp */; };
		271BE0B01A5F3EC300D38EF9 /* PropellerCompiler.cpp in Sources */ = {isa = PBXBuildFile; fileRef = 271BE0A21A5F3EC300D38EF9 /* PropellerCompiler.cpp */; };
		271BE0B11A5F3EC300D38EF9 /* StringConstantRoutines.cpp in Sources */ = {isa = PBXBuildFile; fileRef = 271BE0A31A5F3EC300D38EF9 /* StringConstantRoutines.cpp */; };
		271BE0B21A5F3EC300D38EF9 /* SymbolEngine.cpp in Sources */ = {isa = PBXBuildFile; fileRef = 271BE0A41A5F3EC300D38EF9 /* SymbolEngine.cpp */; };
		271BE0B31A5F3EC300D38EF9 /* Utilities.cpp in Sources */ = {isa = PBXBuildFile; fileRef = 271BE0A51A5F3EC300D38EF9 /* Utilities.cpp */; };
		271BE0BF1A5F3ED600D38EF9 /* flexbuf.cpp in Sources */ = {isa = PBXBuildFile; fileRef = 271BE0B91A5F3ED600D38EF9 /* flexbuf.cpp */; };
		271BE0C01A5F3ED600D38EF9 /* preprocess.cpp in Sources */ = {isa = PBXBuildFile; fileRef = 271BE0BA1A5F3ED600D38EF9 /* preprocess.cpp */; };
		271BE0C11A5F3ED600D38EF9 /* objectheap.cpp in Sources */ = {isa = PBXBuildFile; fileRef = 271BE0BB1A5F3ED600D38EF9 /* objectheap.cpp */; };
		271BE0C21A5F3ED600D38EF9 /* openspin.cpp in Sources */ = {isa = PBXBuildFile; fileRef = 271BE0BC1A5F3ED600D38EF9 /* openspin.cpp */; };
		271BE0C31A5F3ED600D38EF9 /* pathentry.cpp in Sources */ = {isa = PBXBuildFile; fileRef = 271BE0BD1A5F3ED600D38EF9 /* pathentry.cpp */; };
		271BE0C41A5F3ED600D38EF9 /* textconvert.cpp in Sources */ = {isa = PBXBuildFile; fileRef = 271BE0BE1A5F3ED600D38EF9 /* textconvert.cpp */; };
		271BE0C81A5F55DE00D38EF9 /* SpinCompilerOptionsView.m in Sources */ = {isa = PBXBuildFile; fileRef = 271BE0C71A5F55DE00D38EF9 /* SpinCompilerOptionsView.m */; };
		271BE0CB1A5FE17200D38EF9 /* Project.m in Sources */ = {isa = PBXBuildFile; fileRef = 271BE0CA1A5FE17200D38EF9 /* Project.m */; };
		271BE0CD1A5FF39F00D38EF9 /* openproj.png in Resources */ = {isa = PBXBuildFile; fileRef = 271BE0CC1A5FF39F00D38EF9 /* openproj.png */; };
		271BE0CF1A5FFF2400D38EF9 /* build.png in Resources */ = {isa = PBXBuildFile; fileRef = 271BE0CE1A5FFF2400D38EF9 /* build.png */; };
		271BE0E01A6046C600D38EF9 /* Blank.spin in Resources */ = {isa = PBXBuildFile; fileRef = 271BE0D71A6046C600D38EF9 /* Blank.spin */; };
		271BE0E11A6046C600D38EF9 /* Blink16-23.spin in Resources */ = {isa = PBXBuildFile; fileRef = 271BE0D81A6046C600D38EF9 /* Blink16-23.spin */; };
		271BE0E21A6046C600D38EF9 /* Blink16.spin in Resources */ = {isa = PBXBuildFile; fileRef = 271BE0D91A6046C600D38EF9 /* Blink16.spin */; };
		271BE0E31A6046C600D38EF9 /* Clock.spin in Resources */ = {isa = PBXBuildFile; fileRef = 271BE0DA1A6046C600D38EF9 /* Clock.spin */; };
		271BE0E41A6046C600D38EF9 /* ClockDemo.spin in Resources */ = {isa = PBXBuildFile; fileRef = 271BE0DB1A6046C600D38EF9 /* ClockDemo.spin */; };
		271BE0E51A6046C600D38EF9 /* Float-Blink_Demo.spin in Resources */ = {isa = PBXBuildFile; fileRef = 271BE0DC1A6046C600D38EF9 /* Float-Blink_Demo.spin */; };
		271BE0E61A6046C600D38EF9 /* FloatMath.spin in Resources */ = {isa = PBXBuildFile; fileRef = 271BE0DD1A6046C600D38EF9 /* FloatMath.spin */; };
		271BE0E71A6046C600D38EF9 /* FloatString.spin in Resources */ = {isa = PBXBuildFile; fileRef = 271BE0DE1A6046C600D38EF9 /* FloatString.spin */; };
		271BE0E81A6046C600D38EF9 /* LargeSpinCode.spin in Resources */ = {isa = PBXBuildFile; fileRef = 271BE0DF1A6046C600D38EF9 /* LargeSpinCode.spin */; };
		271BE0EA1A60472D00D38EF9 /* Hello_Message.c in Sources */ = {isa = PBXBuildFile; fileRef = 271BE0E91A60472D00D38EF9 /* Hello_Message.c */; };
		271BE0EE1A607AC600D38EF9 /* OpenProjectViewController.m in Sources */ = {isa = PBXBuildFile; fileRef = 271BE0EC1A607AC600D38EF9 /* OpenProjectViewController.m */; };
		271BE0EF1A607AC600D38EF9 /* OpenProjectViewController.xib in Resources */ = {isa = PBXBuildFile; fileRef = 271BE0ED1A607AC600D38EF9 /* OpenProjectViewController.xib */; };
		2722FAFE1918528800B17227 /* DetailViewNavigationControllerViewController.m in Sources */ = {isa = PBXBuildFile; fileRef = 2722FAFD1918528800B17227 /* DetailViewNavigationControllerViewController.m */; };
		27323B251A69AF5C00401E41 /* SpinBackgroundHighlighter.m in Sources */ = {isa = PBXBuildFile; fileRef = 27323B241A69AF5C00401E41 /* SpinBackgroundHighlighter.m */; };
		2738F4C619182B1900DF7352 /* SpinHighlighter.m in Sources */ = {isa = PBXBuildFile; fileRef = 2738F4C519182B1900DF7352 /* SpinHighlighter.m */; };
		273E31C81A1AC03B0076F6BF /* libopcodes.a in Frameworks */ = {isa = PBXBuildFile; fileRef = 273E31C71A1AC03B0076F6BF /* libopcodes.a */; };
		273E31D01A1AC52E0076F6BF /* libgas.a in Frameworks */ = {isa = PBXBuildFile; fileRef = 273E31CF1A1AC52E0076F6BF /* libgas.a */; };
		273F61901A80285200EB2B9F /* RenameFileOrProjectViewController.m in Sources */ = {isa = PBXBuildFile; fileRef = 273F618E1A80285200EB2B9F /* RenameFileOrProjectViewController.m */; };
		273F61911A80285200EB2B9F /* RenameFileOrProjectViewController.xib in Resources */ = {isa = PBXBuildFile; fileRef = 273F618F1A80285200EB2B9F /* RenameFileOrProjectViewController.xib */; };
		2742067D1910310900FA7E5D /* Foundation.framework in Frameworks */ = {isa = PBXBuildFile; fileRef = 2742067C1910310900FA7E5D /* Foundation.framework */; };
		2742067F1910310900FA7E5D /* CoreGraphics.framework in Frameworks */ = {isa = PBXBuildFile; fileRef = 2742067E1910310900FA7E5D /* CoreGraphics.framework */; };
		274206811910310900FA7E5D /* UIKit.framework in Frameworks */ = {isa = PBXBuildFile; fileRef = 274206801910310900FA7E5D /* UIKit.framework */; };
		274206871910310900FA7E5D /* InfoPlist.strings in Resources */ = {isa = PBXBuildFile; fileRef = 274206851910310900FA7E5D /* InfoPlist.strings */; };
		274206891910310900FA7E5D /* main.m in Sources */ = {isa = PBXBuildFile; fileRef = 274206881910310900FA7E5D /* main.m */; };
		2742068D1910310900FA7E5D /* AppDelegate.m in Sources */ = {isa = PBXBuildFile; fileRef = 2742068C1910310900FA7E5D /* AppDelegate.m */; };
		274206901910310900FA7E5D /* Main.storyboard in Resources */ = {isa = PBXBuildFile; fileRef = 2742068E1910310900FA7E5D /* Main.storyboard */; };
		274206961910310900FA7E5D /* DetailViewController.m in Sources */ = {isa = PBXBuildFile; fileRef = 274206951910310900FA7E5D /* DetailViewController.m */; };
		274206981910310900FA7E5D /* Images.xcassets in Resources */ = {isa = PBXBuildFile; fileRef = 274206971910310900FA7E5D /* Images.xcassets */; };
		274206A01910310900FA7E5D /* Foundation.framework in Frameworks */ = {isa = PBXBuildFile; fileRef = 2742067C1910310900FA7E5D /* Foundation.framework */; };
		274206A11910310900FA7E5D /* UIKit.framework in Frameworks */ = {isa = PBXBuildFile; fileRef = 274206801910310900FA7E5D /* UIKit.framework */; };
		274206A91910310900FA7E5D /* InfoPlist.strings in Resources */ = {isa = PBXBuildFile; fileRef = 274206A71910310900FA7E5D /* InfoPlist.strings */; };
		274206AB1910310900FA7E5D /* SimpleIDETests.m in Sources */ = {isa = PBXBuildFile; fileRef = 274206AA1910310900FA7E5D /* SimpleIDETests.m */; };
		274206B61910349D00FA7E5D /* ProjectViewController.m in Sources */ = {isa = PBXBuildFile; fileRef = 274206B51910349D00FA7E5D /* ProjectViewController.m */; };
		274206B9191039B500FA7E5D /* ProjectOptionsView.m in Sources */ = {isa = PBXBuildFile; fileRef = 274206B8191039B500FA7E5D /* ProjectOptionsView.m */; };
		274206BC191039CF00FA7E5D /* CompilerOptionsView.m in Sources */ = {isa = PBXBuildFile; fileRef = 274206BB191039CF00FA7E5D /* CompilerOptionsView.m */; };
		274206BF191039E000FA7E5D /* LinkerOptionsView.m in Sources */ = {isa = PBXBuildFile; fileRef = 274206BE191039E000FA7E5D /* LinkerOptionsView.m */; };
		274206C31910682E00FA7E5D /* PickerViewController.m in Sources */ = {isa = PBXBuildFile; fileRef = 274206C11910682E00FA7E5D /* PickerViewController.m */; };
		274206C41910682E00FA7E5D /* PickerViewController_7.xib in Resources */ = {isa = PBXBuildFile; fileRef = 274206C21910682E00FA7E5D /* PickerViewController_7.xib */; };
		2751D04819EF10D300C37FA1 /* NavToolBar.m in Sources */ = {isa = PBXBuildFile; fileRef = 2751D04719EF10D300C37FA1 /* NavToolBar.m */; };
		275BB9821913046500F0F020 /* HighlighterRule.m in Sources */ = {isa = PBXBuildFile; fileRef = 275BB9811913046500F0F020 /* HighlighterRule.m */; };
		27608B401A81430A000AD4C1 /* build_caption.png in Resources */ = {isa = PBXBuildFile; fileRef = 27608B3D1A81430A000AD4C1 /* build_caption.png */; };
		27608B411A81430A000AD4C1 /* file.png in Resources */ = {isa = PBXBuildFile; fileRef = 27608B3E1A81430A000AD4C1 /* file.png */; };
		27608B421A81430A000AD4C1 /* project.png in Resources */ = {isa = PBXBuildFile; fileRef = 27608B3F1A81430A000AD4C1 /* project.png */; };
		27608B461A814713000AD4C1 /* OpenFileViewController.m in Sources */ = {isa = PBXBuildFile; fileRef = 27608B441A814713000AD4C1 /* OpenFileViewController.m */; };
		27608B471A814713000AD4C1 /* OpenFileViewController.xib in Resources */ = {isa = PBXBuildFile; fileRef = 27608B451A814713000AD4C1 /* OpenFileViewController.xib */; };
		2765F5041A0D3F9B006B32F4 /* iOS_SimpleIDE.m in Sources */ = {isa = PBXBuildFile; fileRef = 2765F5031A0D3F9B006B32F4 /* iOS_SimpleIDE.m */; };
		27680F881A04004300D66F02 /* libiconv.dylib in Frameworks */ = {isa = PBXBuildFile; fileRef = 27680F871A04004300D66F02 /* libiconv.dylib */; };
		276F61E51A6EDD2A006704E0 /* GCDAsyncUdpSocket.m in Sources */ = {isa = PBXBuildFile; fileRef = 276F61E41A6EDD2A006704E0 /* GCDAsyncUdpSocket.m */; };
		276F61E91A6EF2C4006704E0 /* Loader.m in Sources */ = {isa = PBXBuildFile; fileRef = 276F61E81A6EF2C4006704E0 /* Loader.m */; };
		276F61EC1A6EF2E1006704E0 /* ConfigurationViewController.m in Sources */ = {isa = PBXBuildFile; fileRef = 276F61EB1A6EF2E1006704E0 /* ConfigurationViewController.m */; };
		276F61F11A6EF3A1006704E0 /* ConfigurationViewController.xib in Resources */ = {isa = PBXBuildFile; fileRef = 276F61EF1A6EF3A1006704E0 /* ConfigurationViewController.xib */; };
		276F61F81A6EF689006704E0 /* LoadImageViewController.m in Sources */ = {isa = PBXBuildFile; fileRef = 276F61F61A6EF689006704E0 /* LoadImageViewController.m */; };
		276F61F91A6EF689006704E0 /* LoadImageViewController.xib in Resources */ = {isa = PBXBuildFile; fileRef = 276F61F71A6EF689006704E0 /* LoadImageViewController.xib */; };
		276F61FC1A6EF937006704E0 /* TXBee.m in Sources */ = {isa = PBXBuildFile; fileRef = 276F61FB1A6EF937006704E0 /* TXBee.m */; };
		276F61FF1A6EFAED006704E0 /* ProgressView.m in Sources */ = {isa = PBXBuildFile; fileRef = 276F61FE1A6EFAED006704E0 /* ProgressView.m */; };
		276F62021A6EFB64006704E0 /* XBeeCommon.m in Sources */ = {isa = PBXBuildFile; fileRef = 276F62011A6EFB64006704E0 /* XBeeCommon.m */; };
		276F62051A6EFBE0006704E0 /* UDPDataBuffer.m in Sources */ = {isa = PBXBuildFile; fileRef = 276F62041A6EFBE0006704E0 /* UDPDataBuffer.m */; };
		276F62071A6F1B23006704E0 /* xbee.png in Resources */ = {isa = PBXBuildFile; fileRef = 276F62061A6F1B23006704E0 /* xbee.png */; };
		27706A151A82D0E400767B59 /* close.png in Resources */ = {isa = PBXBuildFile; fileRef = 27706A131A82D0E400767B59 /* close.png */; };
		27706A161A82D0E400767B59 /* copy.png in Resources */ = {isa = PBXBuildFile; fileRef = 27706A141A82D0E400767B59 /* copy.png */; };
		27706A181A82FED400767B59 /* ReadMe.txt in Resources */ = {isa = PBXBuildFile; fileRef = 27706A171A82FED400767B59 /* ReadMe.txt */; };
		27BBADA11A707A8F009E1311 /* delete.png in Resources */ = {isa = PBXBuildFile; fileRef = 27BBAD9E1A707A8F009E1311 /* delete.png */; };
		27BBADA21A707A8F009E1311 /* new.png in Resources */ = {isa = PBXBuildFile; fileRef = 27BBAD9F1A707A8F009E1311 /* new.png */; };
		27BBADA31A707A8F009E1311 /* rename.png in Resources */ = {isa = PBXBuildFile; fileRef = 27BBADA01A707A8F009E1311 /* rename.png */; };
		27BDDE751A44EAC70049272D /* libz.a in Frameworks */ = {isa = PBXBuildFile; fileRef = 27BDDE741A44EAC70049272D /* libz.a */; };
		27BFBB071911856A0091F183 /* SourceView.m in Sources */ = {isa = PBXBuildFile; fileRef = 27BFBB061911856A0091F183 /* SourceView.m */; };
		27BFBB0A191186AC0091F183 /* Common.m in Sources */ = {isa = PBXBuildFile; fileRef = 27BFBB09191186AC0091F183 /* Common.m */; };
		27BFBB0D1911AD100091F183 /* Highlighter.m in Sources */ = {isa = PBXBuildFile; fileRef = 27BFBB0C1911AD100091F183 /* Highlighter.m */; };
		27BFBB101911B3880091F183 /* CHighlighter.m in Sources */ = {isa = PBXBuildFile; fileRef = 27BFBB0F1911B3880091F183 /* CHighlighter.m */; };
		27CE41DF1A64803F002B4EE9 /* SplitViewControl.m in Sources */ = {isa = PBXBuildFile; fileRef = 27CE41DE1A64803F002B4EE9 /* SplitViewControl.m */; };
		27CE41E21A648067002B4EE9 /* SplitArrows.m in Sources */ = {isa = PBXBuildFile; fileRef = 27CE41E11A648067002B4EE9 /* SplitArrows.m */; };
		27CE41E51A64812D002B4EE9 /* SplitView.m in Sources */ = {isa = PBXBuildFile; fileRef = 27CE41E41A64812D002B4EE9 /* SplitView.m */; };
		27CE41E81A648478002B4EE9 /* SourceConsoleSplitView.m in Sources */ = {isa = PBXBuildFile; fileRef = 27CE41E71A648478002B4EE9 /* SourceConsoleSplitView.m */; };
		27D8CD9A1A32517400B8FA36 /* libbfd.a in Frameworks */ = {isa = PBXBuildFile; fileRef = 27D8CD991A32517400B8FA36 /* libbfd.a */; };
		27DC02D41A76B28A000AE018 /* NewFileOrProjectViewController.m in Sources */ = {isa = PBXBuildFile; fileRef = 27DC02D21A76B28A000AE018 /* NewFileOrProjectViewController.m */; };
		27DC02D51A76B28A000AE018 /* NewFileOrProjectViewController.xib in Resources */ = {isa = PBXBuildFile; fileRef = 27DC02D31A76B28A000AE018 /* NewFileOrProjectViewController.xib */; };
		27E1F2FA1A6DC87400B30331 /* run.png in Resources */ = {isa = PBXBuildFile; fileRef = 27E1F2F91A6DC87400B30331 /* run.png */; };
/* End PBXBuildFile section */

/* Begin PBXContainerItemProxy section */
		274206A21910310900FA7E5D /* PBXContainerItemProxy */ = {
			isa = PBXContainerItemProxy;
			containerPortal = 274206711910310900FA7E5D /* Project object */;
			proxyType = 1;
			remoteGlobalIDString = 274206781910310900FA7E5D;
			remoteInfo = SimpleIDE;
		};
/* End PBXContainerItemProxy section */

/* Begin PBXFileReference section */
		270E489C19F97AEF00318268 /* libiberty.a */ = {isa = PBXFileReference; lastKnownFileType = archive.ar; path = libiberty.a; sourceTree = "<group>"; };
		271BE0911A5F3EC300D38EF9 /* CompileUtilities.h */ = {isa = PBXFileReference; fileEncoding = 4; lastKnownFileType = sourcecode.c.h; name = CompileUtilities.h; path = PropellerCompiler/CompileUtilities.h; sourceTree = "<group>"; };
		271BE0921A5F3EC300D38EF9 /* Elementizer.h */ = {isa = PBXFileReference; fileEncoding = 4; lastKnownFileType = sourcecode.c.h; name = Elementizer.h; path = PropellerCompiler/Elementizer.h; sourceTree = "<group>"; };
		271BE0931A5F3EC300D38EF9 /* ErrorStrings.h */ = {isa = PBXFileReference; fileEncoding = 4; lastKnownFileType = sourcecode.c.h; name = ErrorStrings.h; path = PropellerCompiler/ErrorStrings.h; sourceTree = "<group>"; };
		271BE0941A5F3EC300D38EF9 /* PropellerCompiler.h */ = {isa = PBXFileReference; fileEncoding = 4; lastKnownFileType = sourcecode.c.h; name = PropellerCompiler.h; path = PropellerCompiler/PropellerCompiler.h; sourceTree = "<group>"; };
		271BE0951A5F3EC300D38EF9 /* PropellerCompilerInternal.h */ = {isa = PBXFileReference; fileEncoding = 4; lastKnownFileType = sourcecode.c.h; name = PropellerCompilerInternal.h; path = PropellerCompiler/PropellerCompilerInternal.h; sourceTree = "<group>"; };
		271BE0961A5F3EC300D38EF9 /* SymbolEngine.h */ = {isa = PBXFileReference; fileEncoding = 4; lastKnownFileType = sourcecode.c.h; name = SymbolEngine.h; path = PropellerCompiler/SymbolEngine.h; sourceTree = "<group>"; };
		271BE0971A5F3EC300D38EF9 /* Utilities.h */ = {isa = PBXFileReference; fileEncoding = 4; lastKnownFileType = sourcecode.c.h; name = Utilities.h; path = PropellerCompiler/Utilities.h; sourceTree = "<group>"; };
		271BE0981A5F3EC300D38EF9 /* BlockNestStackRoutines.cpp */ = {isa = PBXFileReference; fileEncoding = 4; lastKnownFileType = sourcecode.cpp.cpp; name = BlockNestStackRoutines.cpp; path = PropellerCompiler/BlockNestStackRoutines.cpp; sourceTree = "<group>"; };
		271BE0991A5F3EC300D38EF9 /* CompileDatBlocks.cpp */ = {isa = PBXFileReference; fileEncoding = 4; lastKnownFileType = sourcecode.cpp.cpp; name = CompileDatBlocks.cpp; path = PropellerCompiler/CompileDatBlocks.cpp; sourceTree = "<group>"; };
		271BE09A1A5F3EC300D38EF9 /* CompileExpression.cpp */ = {isa = PBXFileReference; fileEncoding = 4; lastKnownFileType = sourcecode.cpp.cpp; name = CompileExpression.cpp; path = PropellerCompiler/CompileExpression.cpp; sourceTree = "<group>"; };
		271BE09B1A5F3EC300D38EF9 /* CompileInstruction.cpp */ = {isa = PBXFileReference; fileEncoding = 4; lastKnownFileType = sourcecode.cpp.cpp; name = CompileInstruction.cpp; path = PropellerCompiler/CompileInstruction.cpp; sourceTree = "<group>"; };
		271BE09C1A5F3EC300D38EF9 /* CompileUtilities.cpp */ = {isa = PBXFileReference; fileEncoding = 4; lastKnownFileType = sourcecode.cpp.cpp; name = CompileUtilities.cpp; path = PropellerCompiler/CompileUtilities.cpp; sourceTree = "<group>"; };
		271BE09D1A5F3EC300D38EF9 /* DistillObjects.cpp */ = {isa = PBXFileReference; fileEncoding = 4; lastKnownFileType = sourcecode.cpp.cpp; name = DistillObjects.cpp; path = PropellerCompiler/DistillObjects.cpp; sourceTree = "<group>"; };
		271BE09E1A5F3EC300D38EF9 /* Elementizer.cpp */ = {isa = PBXFileReference; fileEncoding = 4; lastKnownFileType = sourcecode.cpp.cpp; name = Elementizer.cpp; path = PropellerCompiler/Elementizer.cpp; sourceTree = "<group>"; };
		271BE09F1A5F3EC300D38EF9 /* ErrorStrings.cpp */ = {isa = PBXFileReference; fileEncoding = 4; lastKnownFileType = sourcecode.cpp.cpp; name = ErrorStrings.cpp; path = PropellerCompiler/ErrorStrings.cpp; sourceTree = "<group>"; };
		271BE0A01A5F3EC300D38EF9 /* ExpressionResolver.cpp */ = {isa = PBXFileReference; fileEncoding = 4; lastKnownFileType = sourcecode.cpp.cpp; name = ExpressionResolver.cpp; path = PropellerCompiler/ExpressionResolver.cpp; sourceTree = "<group>"; };
		271BE0A11A5F3EC300D38EF9 /* InstructionBlockCompiler.cpp */ = {isa = PBXFileReference; fileEncoding = 4; lastKnownFileType = sourcecode.cpp.cpp; name = InstructionBlockCompiler.cpp; path = PropellerCompiler/InstructionBlockCompiler.cpp; sourceTree = "<group>"; };
		271BE0A21A5F3EC300D38EF9 /* PropellerCompiler.cpp */ = {isa = PBXFileReference; fileEncoding = 4; lastKnownFileType = sourcecode.cpp.cpp; name = PropellerCompiler.cpp; path = PropellerCompiler/PropellerCompiler.cpp; sourceTree = "<group>"; };
		271BE0A31A5F3EC300D38EF9 /* StringConstantRoutines.cpp */ = {isa = PBXFileReference; fileEncoding = 4; lastKnownFileType = sourcecode.cpp.cpp; name = StringConstantRoutines.cpp; path = PropellerCompiler/StringConstantRoutines.cpp; sourceTree = "<group>"; };
		271BE0A41A5F3EC300D38EF9 /* SymbolEngine.cpp */ = {isa = PBXFileReference; fileEncoding = 4; lastKnownFileType = sourcecode.cpp.cpp; name = SymbolEngine.cpp; path = PropellerCompiler/SymbolEngine.cpp; sourceTree = "<group>"; };
		271BE0A51A5F3EC300D38EF9 /* Utilities.cpp */ = {isa = PBXFileReference; fileEncoding = 4; lastKnownFileType = sourcecode.cpp.cpp; name = Utilities.cpp; path = PropellerCompiler/Utilities.cpp; sourceTree = "<group>"; };
		271BE0B41A5F3ED600D38EF9 /* flexbuf.h */ = {isa = PBXFileReference; fileEncoding = 4; lastKnownFileType = sourcecode.c.h; name = flexbuf.h; path = SpinSource/flexbuf.h; sourceTree = "<group>"; };
		271BE0B51A5F3ED600D38EF9 /* objectheap.h */ = {isa = PBXFileReference; fileEncoding = 4; lastKnownFileType = sourcecode.c.h; name = objectheap.h; path = SpinSource/objectheap.h; sourceTree = "<group>"; };
		271BE0B61A5F3ED600D38EF9 /* pathentry.h */ = {isa = PBXFileReference; fileEncoding = 4; lastKnownFileType = sourcecode.c.h; name = pathentry.h; path = SpinSource/pathentry.h; sourceTree = "<group>"; };
		271BE0B71A5F3ED600D38EF9 /* preprocess.h */ = {isa = PBXFileReference; fileEncoding = 4; lastKnownFileType = sourcecode.c.h; name = preprocess.h; path = SpinSource/preprocess.h; sourceTree = "<group>"; };
		271BE0B81A5F3ED600D38EF9 /* textconvert.h */ = {isa = PBXFileReference; fileEncoding = 4; lastKnownFileType = sourcecode.c.h; name = textconvert.h; path = SpinSource/textconvert.h; sourceTree = "<group>"; };
		271BE0B91A5F3ED600D38EF9 /* flexbuf.cpp */ = {isa = PBXFileReference; fileEncoding = 4; lastKnownFileType = sourcecode.cpp.cpp; name = flexbuf.cpp; path = SpinSource/flexbuf.cpp; sourceTree = "<group>"; };
		271BE0BA1A5F3ED600D38EF9 /* preprocess.cpp */ = {isa = PBXFileReference; fileEncoding = 4; lastKnownFileType = sourcecode.cpp.cpp; name = preprocess.cpp; path = SpinSource/preprocess.cpp; sourceTree = "<group>"; };
		271BE0BB1A5F3ED600D38EF9 /* objectheap.cpp */ = {isa = PBXFileReference; fileEncoding = 4; lastKnownFileType = sourcecode.cpp.cpp; name = objectheap.cpp; path = SpinSource/objectheap.cpp; sourceTree = "<group>"; };
		271BE0BC1A5F3ED600D38EF9 /* openspin.cpp */ = {isa = PBXFileReference; fileEncoding = 4; lastKnownFileType = sourcecode.cpp.cpp; name = openspin.cpp; path = SpinSource/openspin.cpp; sourceTree = "<group>"; };
		271BE0BD1A5F3ED600D38EF9 /* pathentry.cpp */ = {isa = PBXFileReference; fileEncoding = 4; lastKnownFileType = sourcecode.cpp.cpp; name = pathentry.cpp; path = SpinSource/pathentry.cpp; sourceTree = "<group>"; };
		271BE0BE1A5F3ED600D38EF9 /* textconvert.cpp */ = {isa = PBXFileReference; fileEncoding = 4; lastKnownFileType = sourcecode.cpp.cpp; name = textconvert.cpp; path = SpinSource/textconvert.cpp; sourceTree = "<group>"; };
		271BE0C51A5F3F0200D38EF9 /* openspin.h */ = {isa = PBXFileReference; lastKnownFileType = sourcecode.c.h; name = openspin.h; path = SpinSource/openspin.h; sourceTree = "<group>"; };
		271BE0C61A5F55DE00D38EF9 /* SpinCompilerOptionsView.h */ = {isa = PBXFileReference; fileEncoding = 4; lastKnownFileType = sourcecode.c.h; path = SpinCompilerOptionsView.h; sourceTree = "<group>"; };
		271BE0C71A5F55DE00D38EF9 /* SpinCompilerOptionsView.m */ = {isa = PBXFileReference; fileEncoding = 4; lastKnownFileType = sourcecode.c.objc; path = SpinCompilerOptionsView.m; sourceTree = "<group>"; };
		271BE0C91A5FE17200D38EF9 /* Project.h */ = {isa = PBXFileReference; fileEncoding = 4; lastKnownFileType = sourcecode.c.h; path = Project.h; sourceTree = "<group>"; };
		271BE0CA1A5FE17200D38EF9 /* Project.m */ = {isa = PBXFileReference; fileEncoding = 4; lastKnownFileType = sourcecode.c.objc; path = Project.m; sourceTree = "<group>"; };
		271BE0CC1A5FF39F00D38EF9 /* openproj.png */ = {isa = PBXFileReference; lastKnownFileType = image.png; name = openproj.png; path = Art/openproj.png; sourceTree = SOURCE_ROOT; };
		271BE0CE1A5FFF2400D38EF9 /* build.png */ = {isa = PBXFileReference; lastKnownFileType = image.png; name = build.png; path = Art/build.png; sourceTree = SOURCE_ROOT; };
		271BE0D71A6046C600D38EF9 /* Blank.spin */ = {isa = PBXFileReference; fileEncoding = 4; lastKnownFileType = text; name = Blank.spin; path = Samples/Blank.spin; sourceTree = SOURCE_ROOT; };
		271BE0D81A6046C600D38EF9 /* Blink16-23.spin */ = {isa = PBXFileReference; fileEncoding = 4; lastKnownFileType = text; name = "Blink16-23.spin"; path = "Samples/Blink16-23.spin"; sourceTree = SOURCE_ROOT; };
		271BE0D91A6046C600D38EF9 /* Blink16.spin */ = {isa = PBXFileReference; fileEncoding = 4; lastKnownFileType = text; name = Blink16.spin; path = Samples/Blink16.spin; sourceTree = SOURCE_ROOT; };
		271BE0DA1A6046C600D38EF9 /* Clock.spin */ = {isa = PBXFileReference; fileEncoding = 4; lastKnownFileType = text; name = Clock.spin; path = Samples/Clock.spin; sourceTree = SOURCE_ROOT; };
		271BE0DB1A6046C600D38EF9 /* ClockDemo.spin */ = {isa = PBXFileReference; fileEncoding = 4; lastKnownFileType = text; name = ClockDemo.spin; path = Samples/ClockDemo.spin; sourceTree = SOURCE_ROOT; };
		271BE0DC1A6046C600D38EF9 /* Float-Blink_Demo.spin */ = {isa = PBXFileReference; fileEncoding = 4; lastKnownFileType = text; name = "Float-Blink_Demo.spin"; path = "Samples/Float-Blink_Demo.spin"; sourceTree = SOURCE_ROOT; };
		271BE0DD1A6046C600D38EF9 /* FloatMath.spin */ = {isa = PBXFileReference; fileEncoding = 4; lastKnownFileType = text; name = FloatMath.spin; path = Samples/FloatMath.spin; sourceTree = SOURCE_ROOT; };
		271BE0DE1A6046C600D38EF9 /* FloatString.spin */ = {isa = PBXFileReference; fileEncoding = 4; lastKnownFileType = text; name = FloatString.spin; path = Samples/FloatString.spin; sourceTree = SOURCE_ROOT; };
		271BE0DF1A6046C600D38EF9 /* LargeSpinCode.spin */ = {isa = PBXFileReference; fileEncoding = 4; lastKnownFileType = text; name = LargeSpinCode.spin; path = Samples/LargeSpinCode.spin; sourceTree = SOURCE_ROOT; };
		271BE0E91A60472D00D38EF9 /* Hello_Message.c */ = {isa = PBXFileReference; explicitFileType = text; fileEncoding = 4; name = Hello_Message.c; path = Samples/Hello_Message.c; sourceTree = SOURCE_ROOT; };
		271BE0EB1A607AC600D38EF9 /* OpenProjectViewController.h */ = {isa = PBXFileReference; fileEncoding = 4; lastKnownFileType = sourcecode.c.h; path = OpenProjectViewController.h; sourceTree = "<group>"; };
		271BE0EC1A607AC600D38EF9 /* OpenProjectViewController.m */ = {isa = PBXFileReference; fileEncoding = 4; lastKnownFileType = sourcecode.c.objc; path = OpenProjectViewController.m; sourceTree = "<group>"; };
		271BE0ED1A607AC600D38EF9 /* OpenProjectViewController.xib */ = {isa = PBXFileReference; fileEncoding = 4; lastKnownFileType = file.xib; path = OpenProjectViewController.xib; sourceTree = "<group>"; };
		2722FAFC1918528800B17227 /* DetailViewNavigationControllerViewController.h */ = {isa = PBXFileReference; fileEncoding = 4; lastKnownFileType = sourcecode.c.h; path = DetailViewNavigationControllerViewController.h; sourceTree = "<group>"; };
		2722FAFD1918528800B17227 /* DetailViewNavigationControllerViewController.m */ = {isa = PBXFileReference; fileEncoding = 4; lastKnownFileType = sourcecode.c.objc; path = DetailViewNavigationControllerViewController.m; sourceTree = "<group>"; };
		27323B231A69AF5C00401E41 /* SpinBackgroundHighlighter.h */ = {isa = PBXFileReference; fileEncoding = 4; lastKnownFileType = sourcecode.c.h; path = SpinBackgroundHighlighter.h; sourceTree = "<group>"; };
		27323B241A69AF5C00401E41 /* SpinBackgroundHighlighter.m */ = {isa = PBXFileReference; fileEncoding = 4; lastKnownFileType = sourcecode.c.objc; path = SpinBackgroundHighlighter.m; sourceTree = "<group>"; };
		2738F4C419182B1900DF7352 /* SpinHighlighter.h */ = {isa = PBXFileReference; fileEncoding = 4; lastKnownFileType = sourcecode.c.h; path = SpinHighlighter.h; sourceTree = "<group>"; };
		2738F4C519182B1900DF7352 /* SpinHighlighter.m */ = {isa = PBXFileReference; fileEncoding = 4; lastKnownFileType = sourcecode.c.objc; path = SpinHighlighter.m; sourceTree = "<group>"; };
		273E31C71A1AC03B0076F6BF /* libopcodes.a */ = {isa = PBXFileReference; lastKnownFileType = archive.ar; path = libopcodes.a; sourceTree = "<group>"; };
		273E31CF1A1AC52E0076F6BF /* libgas.a */ = {isa = PBXFileReference; lastKnownFileType = archive.ar; path = libgas.a; sourceTree = "<group>"; };
		273F618D1A80285200EB2B9F /* RenameFileOrProjectViewController.h */ = {isa = PBXFileReference; fileEncoding = 4; lastKnownFileType = sourcecode.c.h; path = RenameFileOrProjectViewController.h; sourceTree = "<group>"; };
		273F618E1A80285200EB2B9F /* RenameFileOrProjectViewController.m */ = {isa = PBXFileReference; fileEncoding = 4; lastKnownFileType = sourcecode.c.objc; path = RenameFileOrProjectViewController.m; sourceTree = "<group>"; };
		273F618F1A80285200EB2B9F /* RenameFileOrProjectViewController.xib */ = {isa = PBXFileReference; fileEncoding = 4; lastKnownFileType = file.xib; path = RenameFileOrProjectViewController.xib; sourceTree = "<group>"; };
		274206791910310900FA7E5D /* SimpleIDE.app */ = {isa = PBXFileReference; explicitFileType = wrapper.application; includeInIndex = 0; path = SimpleIDE.app; sourceTree = BUILT_PRODUCTS_DIR; };
		2742067C1910310900FA7E5D /* Foundation.framework */ = {isa = PBXFileReference; lastKnownFileType = wrapper.framework; name = Foundation.framework; path = System/Library/Frameworks/Foundation.framework; sourceTree = SDKROOT; };
		2742067E1910310900FA7E5D /* CoreGraphics.framework */ = {isa = PBXFileReference; lastKnownFileType = wrapper.framework; name = CoreGraphics.framework; path = System/Library/Frameworks/CoreGraphics.framework; sourceTree = SDKROOT; };
		274206801910310900FA7E5D /* UIKit.framework */ = {isa = PBXFileReference; lastKnownFileType = wrapper.framework; name = UIKit.framework; path = System/Library/Frameworks/UIKit.framework; sourceTree = SDKROOT; };
		274206841910310900FA7E5D /* SimpleIDE-Info.plist */ = {isa = PBXFileReference; lastKnownFileType = text.plist.xml; path = "SimpleIDE-Info.plist"; sourceTree = "<group>"; };
		274206861910310900FA7E5D /* en */ = {isa = PBXFileReference; lastKnownFileType = text.plist.strings; name = en; path = en.lproj/InfoPlist.strings; sourceTree = "<group>"; };
		274206881910310900FA7E5D /* main.m */ = {isa = PBXFileReference; lastKnownFileType = sourcecode.c.objc; path = main.m; sourceTree = "<group>"; };
		2742068A1910310900FA7E5D /* SimpleIDE-Prefix.pch */ = {isa = PBXFileReference; lastKnownFileType = sourcecode.c.h; path = "SimpleIDE-Prefix.pch"; sourceTree = "<group>"; };
		2742068B1910310900FA7E5D /* AppDelegate.h */ = {isa = PBXFileReference; lastKnownFileType = sourcecode.c.h; path = AppDelegate.h; sourceTree = "<group>"; };
		2742068C1910310900FA7E5D /* AppDelegate.m */ = {isa = PBXFileReference; lastKnownFileType = sourcecode.c.objc; path = AppDelegate.m; sourceTree = "<group>"; };
		2742068F1910310900FA7E5D /* Base */ = {isa = PBXFileReference; lastKnownFileType = file.storyboard; name = Base; path = Base.lproj/Main.storyboard; sourceTree = "<group>"; };
		274206941910310900FA7E5D /* DetailViewController.h */ = {isa = PBXFileReference; lastKnownFileType = sourcecode.c.h; path = DetailViewController.h; sourceTree = "<group>"; };
		274206951910310900FA7E5D /* DetailViewController.m */ = {isa = PBXFileReference; lastKnownFileType = sourcecode.c.objc; path = DetailViewController.m; sourceTree = "<group>"; };
		274206971910310900FA7E5D /* Images.xcassets */ = {isa = PBXFileReference; lastKnownFileType = folder.assetcatalog; path = Images.xcassets; sourceTree = "<group>"; };
		2742069D1910310900FA7E5D /* SimpleIDETests.xctest */ = {isa = PBXFileReference; explicitFileType = wrapper.cfbundle; includeInIndex = 0; path = SimpleIDETests.xctest; sourceTree = BUILT_PRODUCTS_DIR; };
		274206A61910310900FA7E5D /* SimpleIDETests-Info.plist */ = {isa = PBXFileReference; lastKnownFileType = text.plist.xml; path = "SimpleIDETests-Info.plist"; sourceTree = "<group>"; };
		274206A81910310900FA7E5D /* en */ = {isa = PBXFileReference; lastKnownFileType = text.plist.strings; name = en; path = en.lproj/InfoPlist.strings; sourceTree = "<group>"; };
		274206AA1910310900FA7E5D /* SimpleIDETests.m */ = {isa = PBXFileReference; lastKnownFileType = sourcecode.c.objc; path = SimpleIDETests.m; sourceTree = "<group>"; };
		274206B41910349D00FA7E5D /* ProjectViewController.h */ = {isa = PBXFileReference; fileEncoding = 4; lastKnownFileType = sourcecode.c.h; path = ProjectViewController.h; sourceTree = "<group>"; };
		274206B51910349D00FA7E5D /* ProjectViewController.m */ = {isa = PBXFileReference; fileEncoding = 4; lastKnownFileType = sourcecode.c.objc; path = ProjectViewController.m; sourceTree = "<group>"; };
		274206B7191039B500FA7E5D /* ProjectOptionsView.h */ = {isa = PBXFileReference; fileEncoding = 4; lastKnownFileType = sourcecode.c.h; path = ProjectOptionsView.h; sourceTree = "<group>"; };
		274206B8191039B500FA7E5D /* ProjectOptionsView.m */ = {isa = PBXFileReference; fileEncoding = 4; lastKnownFileType = sourcecode.c.objc; path = ProjectOptionsView.m; sourceTree = "<group>"; };
		274206BA191039CF00FA7E5D /* CompilerOptionsView.h */ = {isa = PBXFileReference; fileEncoding = 4; lastKnownFileType = sourcecode.c.h; path = CompilerOptionsView.h; sourceTree = "<group>"; };
		274206BB191039CF00FA7E5D /* CompilerOptionsView.m */ = {isa = PBXFileReference; fileEncoding = 4; lastKnownFileType = sourcecode.c.objc; path = CompilerOptionsView.m; sourceTree = "<group>"; };
		274206BD191039E000FA7E5D /* LinkerOptionsView.h */ = {isa = PBXFileReference; fileEncoding = 4; lastKnownFileType = sourcecode.c.h; path = LinkerOptionsView.h; sourceTree = "<group>"; };
		274206BE191039E000FA7E5D /* LinkerOptionsView.m */ = {isa = PBXFileReference; fileEncoding = 4; lastKnownFileType = sourcecode.c.objc; path = LinkerOptionsView.m; sourceTree = "<group>"; };
		274206C01910682E00FA7E5D /* PickerViewController.h */ = {isa = PBXFileReference; fileEncoding = 4; lastKnownFileType = sourcecode.c.h; path = PickerViewController.h; sourceTree = "<group>"; };
		274206C11910682E00FA7E5D /* PickerViewController.m */ = {isa = PBXFileReference; fileEncoding = 4; lastKnownFileType = sourcecode.c.objc; path = PickerViewController.m; sourceTree = "<group>"; };
		274206C21910682E00FA7E5D /* PickerViewController_7.xib */ = {isa = PBXFileReference; fileEncoding = 4; lastKnownFileType = file.xib; path = PickerViewController_7.xib; sourceTree = "<group>"; };
		2751D04619EF10D300C37FA1 /* NavToolBar.h */ = {isa = PBXFileReference; fileEncoding = 4; lastKnownFileType = sourcecode.c.h; path = NavToolBar.h; sourceTree = "<group>"; };
		2751D04719EF10D300C37FA1 /* NavToolBar.m */ = {isa = PBXFileReference; fileEncoding = 4; lastKnownFileType = sourcecode.c.objc; path = NavToolBar.m; sourceTree = "<group>"; };
		275BB9801913046500F0F020 /* HighlighterRule.h */ = {isa = PBXFileReference; fileEncoding = 4; lastKnownFileType = sourcecode.c.h; path = HighlighterRule.h; sourceTree = "<group>"; };
		275BB9811913046500F0F020 /* HighlighterRule.m */ = {isa = PBXFileReference; fileEncoding = 4; lastKnownFileType = sourcecode.c.objc; path = HighlighterRule.m; sourceTree = "<group>"; };
		27608B3D1A81430A000AD4C1 /* build_caption.png */ = {isa = PBXFileReference; lastKnownFileType = image.png; name = build_caption.png; path = Art/build_caption.png; sourceTree = SOURCE_ROOT; };
		27608B3E1A81430A000AD4C1 /* file.png */ = {isa = PBXFileReference; lastKnownFileType = image.png; name = file.png; path = Art/file.png; sourceTree = SOURCE_ROOT; };
		27608B3F1A81430A000AD4C1 /* project.png */ = {isa = PBXFileReference; lastKnownFileType = image.png; name = project.png; path = Art/project.png; sourceTree = SOURCE_ROOT; };
		27608B431A814713000AD4C1 /* OpenFileViewController.h */ = {isa = PBXFileReference; fileEncoding = 4; lastKnownFileType = sourcecode.c.h; path = OpenFileViewController.h; sourceTree = "<group>"; };
		27608B441A814713000AD4C1 /* OpenFileViewController.m */ = {isa = PBXFileReference; fileEncoding = 4; lastKnownFileType = sourcecode.c.objc; path = OpenFileViewController.m; sourceTree = "<group>"; };
		27608B451A814713000AD4C1 /* OpenFileViewController.xib */ = {isa = PBXFileReference; fileEncoding = 4; lastKnownFileType = file.xib; path = OpenFileViewController.xib; sourceTree = "<group>"; };
		2765F5031A0D3F9B006B32F4 /* iOS_SimpleIDE.m */ = {isa = PBXFileReference; fileEncoding = 4; lastKnownFileType = sourcecode.c.objc; path = iOS_SimpleIDE.m; sourceTree = "<group>"; };
		2765F5051A0D40FC006B32F4 /* iOS_SimpleIDE.h */ = {isa = PBXFileReference; lastKnownFileType = sourcecode.c.h; path = iOS_SimpleIDE.h; sourceTree = "<group>"; };
		2765F5071A0D433A006B32F4 /* pex-common.h */ = {isa = PBXFileReference; lastKnownFileType = sourcecode.c.h; path = "pex-common.h"; sourceTree = "<group>"; };
		2765F50A1A0D75DE006B32F4 /* libiberty.h */ = {isa = PBXFileReference; lastKnownFileType = sourcecode.c.h; path = libiberty.h; sourceTree = "<group>"; };
		2765F50B1A0D75F3006B32F4 /* ansidecl.h */ = {isa = PBXFileReference; lastKnownFileType = sourcecode.c.h; path = ansidecl.h; sourceTree = "<group>"; };
		2765F50C1A0D765B006B32F4 /* config.h */ = {isa = PBXFileReference; lastKnownFileType = sourcecode.c.h; path = config.h; sourceTree = "<group>"; };
		2765F50D1A0D766E006B32F4 /* auto-host.h */ = {isa = PBXFileReference; lastKnownFileType = sourcecode.c.h; path = "auto-host.h"; sourceTree = "<group>"; };
		27680F871A04004300D66F02 /* libiconv.dylib */ = {isa = PBXFileReference; lastKnownFileType = "compiled.mach-o.dylib"; name = libiconv.dylib; path = usr/lib/libiconv.dylib; sourceTree = SDKROOT; };
		276F61E31A6EDD2A006704E0 /* GCDAsyncUdpSocket.h */ = {isa = PBXFileReference; fileEncoding = 4; lastKnownFileType = sourcecode.c.h; path = GCDAsyncUdpSocket.h; sourceTree = "<group>"; };
		276F61E41A6EDD2A006704E0 /* GCDAsyncUdpSocket.m */ = {isa = PBXFileReference; fileEncoding = 4; lastKnownFileType = sourcecode.c.objc; path = GCDAsyncUdpSocket.m; sourceTree = "<group>"; };
		276F61E71A6EF2C4006704E0 /* Loader.h */ = {isa = PBXFileReference; fileEncoding = 4; lastKnownFileType = sourcecode.c.h; path = Loader.h; sourceTree = "<group>"; };
		276F61E81A6EF2C4006704E0 /* Loader.m */ = {isa = PBXFileReference; fileEncoding = 4; lastKnownFileType = sourcecode.c.objc; path = Loader.m; sourceTree = "<group>"; };
		276F61EA1A6EF2E1006704E0 /* ConfigurationViewController.h */ = {isa = PBXFileReference; fileEncoding = 4; lastKnownFileType = sourcecode.c.h; path = ConfigurationViewController.h; sourceTree = "<group>"; };
		276F61EB1A6EF2E1006704E0 /* ConfigurationViewController.m */ = {isa = PBXFileReference; fileEncoding = 4; lastKnownFileType = sourcecode.c.objc; path = ConfigurationViewController.m; sourceTree = "<group>"; };
		276F61EF1A6EF3A1006704E0 /* ConfigurationViewController.xib */ = {isa = PBXFileReference; fileEncoding = 4; lastKnownFileType = file.xib; path = ConfigurationViewController.xib; sourceTree = "<group>"; };
		276F61F51A6EF689006704E0 /* LoadImageViewController.h */ = {isa = PBXFileReference; fileEncoding = 4; lastKnownFileType = sourcecode.c.h; path = LoadImageViewController.h; sourceTree = "<group>"; };
		276F61F61A6EF689006704E0 /* LoadImageViewController.m */ = {isa = PBXFileReference; fileEncoding = 4; lastKnownFileType = sourcecode.c.objc; path = LoadImageViewController.m; sourceTree = "<group>"; };
		276F61F71A6EF689006704E0 /* LoadImageViewController.xib */ = {isa = PBXFileReference; fileEncoding = 4; lastKnownFileType = file.xib; path = LoadImageViewController.xib; sourceTree = "<group>"; };
		276F61FA1A6EF937006704E0 /* TXBee.h */ = {isa = PBXFileReference; fileEncoding = 4; lastKnownFileType = sourcecode.c.h; path = TXBee.h; sourceTree = "<group>"; };
		276F61FB1A6EF937006704E0 /* TXBee.m */ = {isa = PBXFileReference; fileEncoding = 4; lastKnownFileType = sourcecode.c.objc; path = TXBee.m; sourceTree = "<group>"; };
		276F61FD1A6EFAED006704E0 /* ProgressView.h */ = {isa = PBXFileReference; fileEncoding = 4; lastKnownFileType = sourcecode.c.h; path = ProgressView.h; sourceTree = "<group>"; };
		276F61FE1A6EFAED006704E0 /* ProgressView.m */ = {isa = PBXFileReference; fileEncoding = 4; lastKnownFileType = sourcecode.c.objc; path = ProgressView.m; sourceTree = "<group>"; };
		276F62001A6EFB64006704E0 /* XBeeCommon.h */ = {isa = PBXFileReference; fileEncoding = 4; lastKnownFileType = sourcecode.c.h; path = XBeeCommon.h; sourceTree = "<group>"; };
		276F62011A6EFB64006704E0 /* XBeeCommon.m */ = {isa = PBXFileReference; fileEncoding = 4; lastKnownFileType = sourcecode.c.objc; path = XBeeCommon.m; sourceTree = "<group>"; };
		276F62031A6EFBE0006704E0 /* UDPDataBuffer.h */ = {isa = PBXFileReference; fileEncoding = 4; lastKnownFileType = sourcecode.c.h; path = UDPDataBuffer.h; sourceTree = "<group>"; };
		276F62041A6EFBE0006704E0 /* UDPDataBuffer.m */ = {isa = PBXFileReference; fileEncoding = 4; lastKnownFileType = sourcecode.c.objc; path = UDPDataBuffer.m; sourceTree = "<group>"; };
		276F62061A6F1B23006704E0 /* xbee.png */ = {isa = PBXFileReference; lastKnownFileType = image.png; name = xbee.png; path = Art/xbee.png; sourceTree = SOURCE_ROOT; };
		27706A131A82D0E400767B59 /* close.png */ = {isa = PBXFileReference; lastKnownFileType = image.png; name = close.png; path = Art/close.png; sourceTree = SOURCE_ROOT; };
		27706A141A82D0E400767B59 /* copy.png */ = {isa = PBXFileReference; lastKnownFileType = image.png; name = copy.png; path = Art/copy.png; sourceTree = SOURCE_ROOT; };
		27706A171A82FED400767B59 /* ReadMe.txt */ = {isa = PBXFileReference; fileEncoding = 4; lastKnownFileType = text; path = ReadMe.txt; sourceTree = SOURCE_ROOT; };
		279EB67319E49BEE007AD8B3 /* libpropeller-elf-cpp.h */ = {isa = PBXFileReference; lastKnownFileType = sourcecode.c.h; path = "libpropeller-elf-cpp.h"; sourceTree = "<group>"; };
		27BBAD9E1A707A8F009E1311 /* delete.png */ = {isa = PBXFileReference; lastKnownFileType = image.png; name = delete.png; path = Art/delete.png; sourceTree = SOURCE_ROOT; };
		27BBAD9F1A707A8F009E1311 /* new.png */ = {isa = PBXFileReference; lastKnownFileType = image.png; name = new.png; path = Art/new.png; sourceTree = SOURCE_ROOT; };
		27BBADA01A707A8F009E1311 /* rename.png */ = {isa = PBXFileReference; lastKnownFileType = image.png; name = rename.png; path = Art/rename.png; sourceTree = SOURCE_ROOT; };
		27BDDE741A44EAC70049272D /* libz.a */ = {isa = PBXFileReference; lastKnownFileType = archive.ar; path = libz.a; sourceTree = "<group>"; };
		27BFBB051911856A0091F183 /* SourceView.h */ = {isa = PBXFileReference; fileEncoding = 4; lastKnownFileType = sourcecode.c.h; path = SourceView.h; sourceTree = "<group>"; };
		27BFBB061911856A0091F183 /* SourceView.m */ = {isa = PBXFileReference; fileEncoding = 4; lastKnownFileType = sourcecode.c.objc; path = SourceView.m; sourceTree = "<group>"; };
		27BFBB08191186AC0091F183 /* Common.h */ = {isa = PBXFileReference; fileEncoding = 4; lastKnownFileType = sourcecode.c.h; path = Common.h; sourceTree = "<group>"; };
		27BFBB09191186AC0091F183 /* Common.m */ = {isa = PBXFileReference; fileEncoding = 4; lastKnownFileType = sourcecode.c.objc; path = Common.m; sourceTree = "<group>"; };
		27BFBB0B1911AD100091F183 /* Highlighter.h */ = {isa = PBXFileReference; fileEncoding = 4; lastKnownFileType = sourcecode.c.h; path = Highlighter.h; sourceTree = "<group>"; };
		27BFBB0C1911AD100091F183 /* Highlighter.m */ = {isa = PBXFileReference; fileEncoding = 4; lastKnownFileType = sourcecode.c.objc; path = Highlighter.m; sourceTree = "<group>"; };
		27BFBB0E1911B3880091F183 /* CHighlighter.h */ = {isa = PBXFileReference; fileEncoding = 4; lastKnownFileType = sourcecode.c.h; path = CHighlighter.h; sourceTree = "<group>"; };
		27BFBB0F1911B3880091F183 /* CHighlighter.m */ = {isa = PBXFileReference; fileEncoding = 4; lastKnownFileType = sourcecode.c.objc; path = CHighlighter.m; sourceTree = "<group>"; };
		27CE41DD1A64803F002B4EE9 /* SplitViewControl.h */ = {isa = PBXFileReference; fileEncoding = 4; lastKnownFileType = sourcecode.c.h; path = SplitViewControl.h; sourceTree = "<group>"; };
		27CE41DE1A64803F002B4EE9 /* SplitViewControl.m */ = {isa = PBXFileReference; fileEncoding = 4; lastKnownFileType = sourcecode.c.objc; path = SplitViewControl.m; sourceTree = "<group>"; };
		27CE41E01A648067002B4EE9 /* SplitArrows.h */ = {isa = PBXFileReference; fileEncoding = 4; lastKnownFileType = sourcecode.c.h; path = SplitArrows.h; sourceTree = "<group>"; };
		27CE41E11A648067002B4EE9 /* SplitArrows.m */ = {isa = PBXFileReference; fileEncoding = 4; lastKnownFileType = sourcecode.c.objc; path = SplitArrows.m; sourceTree = "<group>"; };
		27CE41E31A64812D002B4EE9 /* SplitView.h */ = {isa = PBXFileReference; fileEncoding = 4; lastKnownFileType = sourcecode.c.h; path = SplitView.h; sourceTree = "<group>"; };
		27CE41E41A64812D002B4EE9 /* SplitView.m */ = {isa = PBXFileReference; fileEncoding = 4; lastKnownFileType = sourcecode.c.objc; path = SplitView.m; sourceTree = "<group>"; };
		27CE41E61A648478002B4EE9 /* SourceConsoleSplitView.h */ = {isa = PBXFileReference; fileEncoding = 4; lastKnownFileType = sourcecode.c.h; path = SourceConsoleSplitView.h; sourceTree = "<group>"; };
		27CE41E71A648478002B4EE9 /* SourceConsoleSplitView.m */ = {isa = PBXFileReference; fileEncoding = 4; lastKnownFileType = sourcecode.c.objc; path = SourceConsoleSplitView.m; sourceTree = "<group>"; };
		27D8CD991A32517400B8FA36 /* libbfd.a */ = {isa = PBXFileReference; lastKnownFileType = archive.ar; path = libbfd.a; sourceTree = "<group>"; };
		27DC02D11A76B28A000AE018 /* NewFileOrProjectViewController.h */ = {isa = PBXFileReference; fileEncoding = 4; lastKnownFileType = sourcecode.c.h; path = NewFileOrProjectViewController.h; sourceTree = "<group>"; };
		27DC02D21A76B28A000AE018 /* NewFileOrProjectViewController.m */ = {isa = PBXFileReference; fileEncoding = 4; lastKnownFileType = sourcecode.c.objc; path = NewFileOrProjectViewController.m; sourceTree = "<group>"; };
		27DC02D31A76B28A000AE018 /* NewFileOrProjectViewController.xib */ = {isa = PBXFileReference; fileEncoding = 4; lastKnownFileType = file.xib; path = NewFileOrProjectViewController.xib; sourceTree = "<group>"; };
		27E1F2F91A6DC87400B30331 /* run.png */ = {isa = PBXFileReference; lastKnownFileType = image.png; name = run.png; path = Art/run.png; sourceTree = SOURCE_ROOT; };
/* End PBXFileReference section */

/* Begin PBXFrameworksBuildPhase section */
		274206761910310900FA7E5D /* Frameworks */ = {
			isa = PBXFrameworksBuildPhase;
			buildActionMask = 2147483647;
			files = (
				27BDDE751A44EAC70049272D /* libz.a in Frameworks */,
				27680F881A04004300D66F02 /* libiconv.dylib in Frameworks */,
				2742067F1910310900FA7E5D /* CoreGraphics.framework in Frameworks */,
				273E31C81A1AC03B0076F6BF /* libopcodes.a in Frameworks */,
				270E489D19F97AEF00318268 /* libiberty.a in Frameworks */,
				274206811910310900FA7E5D /* UIKit.framework in Frameworks */,
				2742067D1910310900FA7E5D /* Foundation.framework in Frameworks */,
				273E31D01A1AC52E0076F6BF /* libgas.a in Frameworks */,
				27D8CD9A1A32517400B8FA36 /* libbfd.a in Frameworks */,
			);
			runOnlyForDeploymentPostprocessing = 0;
		};
		2742069A1910310900FA7E5D /* Frameworks */ = {
			isa = PBXFrameworksBuildPhase;
			buildActionMask = 2147483647;
			files = (
				274206A11910310900FA7E5D /* UIKit.framework in Frameworks */,
				274206A01910310900FA7E5D /* Foundation.framework in Frameworks */,
			);
			runOnlyForDeploymentPostprocessing = 0;
		};
/* End PBXFrameworksBuildPhase section */

/* Begin PBXGroup section */
		2709085B19FABA18002429FB /* Samples */ = {
			isa = PBXGroup;
			children = (
				271BE0D71A6046C600D38EF9 /* Blank.spin */,
				271BE0D81A6046C600D38EF9 /* Blink16-23.spin */,
				271BE0D91A6046C600D38EF9 /* Blink16.spin */,
				271BE0DA1A6046C600D38EF9 /* Clock.spin */,
				271BE0DB1A6046C600D38EF9 /* ClockDemo.spin */,
				271BE0DC1A6046C600D38EF9 /* Float-Blink_Demo.spin */,
				271BE0DD1A6046C600D38EF9 /* FloatMath.spin */,
				271BE0DE1A6046C600D38EF9 /* FloatString.spin */,
				271BE0DF1A6046C600D38EF9 /* LargeSpinCode.spin */,
				271BE0E91A60472D00D38EF9 /* Hello_Message.c */,
			);
			name = Samples;
			sourceTree = "<group>";
		};
		271BE0541A5DAA7B00D38EF9 /* SpinSource */ = {
			isa = PBXGroup;
			children = (
				271BE0B41A5F3ED600D38EF9 /* flexbuf.h */,
				271BE0B91A5F3ED600D38EF9 /* flexbuf.cpp */,
				271BE0B51A5F3ED600D38EF9 /* objectheap.h */,
				271BE0BB1A5F3ED600D38EF9 /* objectheap.cpp */,
				271BE0B61A5F3ED600D38EF9 /* pathentry.h */,
				271BE0BD1A5F3ED600D38EF9 /* pathentry.cpp */,
				271BE0B71A5F3ED600D38EF9 /* preprocess.h */,
				271BE0BA1A5F3ED600D38EF9 /* preprocess.cpp */,
				271BE0C51A5F3F0200D38EF9 /* openspin.h */,
				271BE0BC1A5F3ED600D38EF9 /* openspin.cpp */,
				271BE0B81A5F3ED600D38EF9 /* textconvert.h */,
				271BE0BE1A5F3ED600D38EF9 /* textconvert.cpp */,
			);
			name = SpinSource;
			sourceTree = "<group>";
		};
		271BE0661A5DAABB00D38EF9 /* PropellerCompiler */ = {
			isa = PBXGroup;
			children = (
				271BE0981A5F3EC300D38EF9 /* BlockNestStackRoutines.cpp */,
				271BE0991A5F3EC300D38EF9 /* CompileDatBlocks.cpp */,
				271BE09A1A5F3EC300D38EF9 /* CompileExpression.cpp */,
				271BE09B1A5F3EC300D38EF9 /* CompileInstruction.cpp */,
				271BE0911A5F3EC300D38EF9 /* CompileUtilities.h */,
				271BE09C1A5F3EC300D38EF9 /* CompileUtilities.cpp */,
				271BE09D1A5F3EC300D38EF9 /* DistillObjects.cpp */,
				271BE0921A5F3EC300D38EF9 /* Elementizer.h */,
				271BE09E1A5F3EC300D38EF9 /* Elementizer.cpp */,
				271BE0931A5F3EC300D38EF9 /* ErrorStrings.h */,
				271BE09F1A5F3EC300D38EF9 /* ErrorStrings.cpp */,
				271BE0A01A5F3EC300D38EF9 /* ExpressionResolver.cpp */,
				271BE0A11A5F3EC300D38EF9 /* InstructionBlockCompiler.cpp */,
				271BE0941A5F3EC300D38EF9 /* PropellerCompiler.h */,
				271BE0A21A5F3EC300D38EF9 /* PropellerCompiler.cpp */,
				271BE0951A5F3EC300D38EF9 /* PropellerCompilerInternal.h */,
				271BE0A31A5F3EC300D38EF9 /* StringConstantRoutines.cpp */,
				271BE0961A5F3EC300D38EF9 /* SymbolEngine.h */,
				271BE0A41A5F3EC300D38EF9 /* SymbolEngine.cpp */,
				271BE0971A5F3EC300D38EF9 /* Utilities.h */,
				271BE0A51A5F3EC300D38EF9 /* Utilities.cpp */,
			);
			name = PropellerCompiler;
			sourceTree = "<group>";
		};
		271BE0D01A60052200D38EF9 /* Utility Views */ = {
			isa = PBXGroup;
			children = (
				274206BA191039CF00FA7E5D /* CompilerOptionsView.h */,
				274206BB191039CF00FA7E5D /* CompilerOptionsView.m */,
				274206BD191039E000FA7E5D /* LinkerOptionsView.h */,
				274206BE191039E000FA7E5D /* LinkerOptionsView.m */,
				27DC02D11A76B28A000AE018 /* NewFileOrProjectViewController.h */,
				27DC02D21A76B28A000AE018 /* NewFileOrProjectViewController.m */,
				27DC02D31A76B28A000AE018 /* NewFileOrProjectViewController.xib */,
				27608B431A814713000AD4C1 /* OpenFileViewController.h */,
				27608B441A814713000AD4C1 /* OpenFileViewController.m */,
				27608B451A814713000AD4C1 /* OpenFileViewController.xib */,
				271BE0EB1A607AC600D38EF9 /* OpenProjectViewController.h */,
				271BE0EC1A607AC600D38EF9 /* OpenProjectViewController.m */,
				271BE0ED1A607AC600D38EF9 /* OpenProjectViewController.xib */,
				274206C01910682E00FA7E5D /* PickerViewController.h */,
				274206C11910682E00FA7E5D /* PickerViewController.m */,
				274206C21910682E00FA7E5D /* PickerViewController_7.xib */,
				274206B7191039B500FA7E5D /* ProjectOptionsView.h */,
				274206B8191039B500FA7E5D /* ProjectOptionsView.m */,
				273F618D1A80285200EB2B9F /* RenameFileOrProjectViewController.h */,
				273F618E1A80285200EB2B9F /* RenameFileOrProjectViewController.m */,
				273F618F1A80285200EB2B9F /* RenameFileOrProjectViewController.xib */,
				271BE0C61A5F55DE00D38EF9 /* SpinCompilerOptionsView.h */,
				271BE0C71A5F55DE00D38EF9 /* SpinCompilerOptionsView.m */,
				27CE41E01A648067002B4EE9 /* SplitArrows.h */,
				27CE41E11A648067002B4EE9 /* SplitArrows.m */,
				27CE41E31A64812D002B4EE9 /* SplitView.h */,
				27CE41E41A64812D002B4EE9 /* SplitView.m */,
				27CE41DD1A64803F002B4EE9 /* SplitViewControl.h */,
				27CE41DE1A64803F002B4EE9 /* SplitViewControl.m */,
			);
			name = "Utility Views";
			sourceTree = "<group>";
		};
		271BE0D11A60055100D38EF9 /* Text Highlighting */ = {
			isa = PBXGroup;
			children = (
				27BFBB0E1911B3880091F183 /* CHighlighter.h */,
				27BFBB0F1911B3880091F183 /* CHighlighter.m */,
				27BFBB0B1911AD100091F183 /* Highlighter.h */,
				27BFBB0C1911AD100091F183 /* Highlighter.m */,
				275BB9801913046500F0F020 /* HighlighterRule.h */,
				275BB9811913046500F0F020 /* HighlighterRule.m */,
				2738F4C419182B1900DF7352 /* SpinHighlighter.h */,
				2738F4C519182B1900DF7352 /* SpinHighlighter.m */,
				27323B231A69AF5C00401E41 /* SpinBackgroundHighlighter.h */,
				27323B241A69AF5C00401E41 /* SpinBackgroundHighlighter.m */,
			);
			name = "Text Highlighting";
			sourceTree = "<group>";
		};
		2722FAF91918504900B17227 /* Art */ = {
			isa = PBXGroup;
			children = (
				271BE0CE1A5FFF2400D38EF9 /* build.png */,
				27608B3D1A81430A000AD4C1 /* build_caption.png */,
				27706A131A82D0E400767B59 /* close.png */,
				27706A141A82D0E400767B59 /* copy.png */,
				27BBAD9E1A707A8F009E1311 /* delete.png */,
				27608B3E1A81430A000AD4C1 /* file.png */,
				27BBAD9F1A707A8F009E1311 /* new.png */,
				271BE0CC1A5FF39F00D38EF9 /* openproj.png */,
				27608B3F1A81430A000AD4C1 /* project.png */,
				27BBADA01A707A8F009E1311 /* rename.png */,
				27E1F2F91A6DC87400B30331 /* run.png */,
				276F62061A6F1B23006704E0 /* xbee.png */,
			);
			name = Art;
			sourceTree = "<group>";
		};
		274206701910310900FA7E5D = {
			isa = PBXGroup;
			children = (
				274206821910310900FA7E5D /* SimpleIDE */,
				274206A41910310900FA7E5D /* SimpleIDETests */,
				2742067B1910310900FA7E5D /* Frameworks */,
				2742067A1910310900FA7E5D /* Products */,
			);
			sourceTree = "<group>";
		};
		2742067A1910310900FA7E5D /* Products */ = {
			isa = PBXGroup;
			children = (
				274206791910310900FA7E5D /* SimpleIDE.app */,
				2742069D1910310900FA7E5D /* SimpleIDETests.xctest */,
			);
			name = Products;
			sourceTree = "<group>";
		};
		2742067B1910310900FA7E5D /* Frameworks */ = {
			isa = PBXGroup;
			children = (
				27680F871A04004300D66F02 /* libiconv.dylib */,
				2742067C1910310900FA7E5D /* Foundation.framework */,
				2742067E1910310900FA7E5D /* CoreGraphics.framework */,
				274206801910310900FA7E5D /* UIKit.framework */,
			);
			name = Frameworks;
			sourceTree = "<group>";
		};
		274206821910310900FA7E5D /* SimpleIDE */ = {
			isa = PBXGroup;
			children = (
				2765F5061A0D42ED006B32F4 /* gcc_interface */,
				271BE0661A5DAABB00D38EF9 /* PropellerCompiler */,
				271BE0541A5DAA7B00D38EF9 /* SpinSource */,
				271BE0D11A60055100D38EF9 /* Text Highlighting */,
				276F61E21A6EDD19006704E0 /* UDP */,
				271BE0D01A60052200D38EF9 /* Utility Views */,
				276F61E61A6EF2B2006704E0 /* XBee Loader */,
				2742068B1910310900FA7E5D /* AppDelegate.h */,
				2742068C1910310900FA7E5D /* AppDelegate.m */,
				27BFBB08191186AC0091F183 /* Common.h */,
				27BFBB09191186AC0091F183 /* Common.m */,
				2742068E1910310900FA7E5D /* Main.storyboard */,
				274206941910310900FA7E5D /* DetailViewController.h */,
				274206951910310900FA7E5D /* DetailViewController.m */,
				2722FAFC1918528800B17227 /* DetailViewNavigationControllerViewController.h */,
				2722FAFD1918528800B17227 /* DetailViewNavigationControllerViewController.m */,
				2751D04619EF10D300C37FA1 /* NavToolBar.h */,
				2751D04719EF10D300C37FA1 /* NavToolBar.m */,
				271BE0C91A5FE17200D38EF9 /* Project.h */,
				271BE0CA1A5FE17200D38EF9 /* Project.m */,
				274206B41910349D00FA7E5D /* ProjectViewController.h */,
				274206B51910349D00FA7E5D /* ProjectViewController.m */,
				27CE41E61A648478002B4EE9 /* SourceConsoleSplitView.h */,
				27CE41E71A648478002B4EE9 /* SourceConsoleSplitView.m */,
				27BFBB051911856A0091F183 /* SourceView.h */,
				27BFBB061911856A0091F183 /* SourceView.m */,
				274206971910310900FA7E5D /* Images.xcassets */,
				274206831910310900FA7E5D /* Supporting Files */,
			);
			path = SimpleIDE;
			sourceTree = "<group>";
		};
		274206831910310900FA7E5D /* Supporting Files */ = {
			isa = PBXGroup;
			children = (
				2722FAF91918504900B17227 /* Art */,
				2709085B19FABA18002429FB /* Samples */,
				270E489C19F97AEF00318268 /* libiberty.a */,
				273E31CF1A1AC52E0076F6BF /* libgas.a */,
				273E31C71A1AC03B0076F6BF /* libopcodes.a */,
				27D8CD991A32517400B8FA36 /* libbfd.a */,
				27BDDE741A44EAC70049272D /* libz.a */,
				279EB67319E49BEE007AD8B3 /* libpropeller-elf-cpp.h */,
				274206841910310900FA7E5D /* SimpleIDE-Info.plist */,
				274206851910310900FA7E5D /* InfoPlist.strings */,
				274206881910310900FA7E5D /* main.m */,
				2742068A1910310900FA7E5D /* SimpleIDE-Prefix.pch */,
				27706A171A82FED400767B59 /* ReadMe.txt */,
			);
			name = "Supporting Files";
			sourceTree = "<group>";
		};
		274206A41910310900FA7E5D /* SimpleIDETests */ = {
			isa = PBXGroup;
			children = (
				274206AA1910310900FA7E5D /* SimpleIDETests.m */,
				274206A51910310900FA7E5D /* Supporting Files */,
			);
			path = SimpleIDETests;
			sourceTree = "<group>";
		};
		274206A51910310900FA7E5D /* Supporting Files */ = {
			isa = PBXGroup;
			children = (
				274206A61910310900FA7E5D /* SimpleIDETests-Info.plist */,
				274206A71910310900FA7E5D /* InfoPlist.strings */,
			);
			name = "Supporting Files";
			sourceTree = "<group>";
		};
		2765F5061A0D42ED006B32F4 /* gcc_interface */ = {
			isa = PBXGroup;
			children = (
				2765F5051A0D40FC006B32F4 /* iOS_SimpleIDE.h */,
				2765F5031A0D3F9B006B32F4 /* iOS_SimpleIDE.m */,
				2765F50B1A0D75F3006B32F4 /* ansidecl.h */,
				2765F50D1A0D766E006B32F4 /* auto-host.h */,
				2765F50C1A0D765B006B32F4 /* config.h */,
				2765F50A1A0D75DE006B32F4 /* libiberty.h */,
				2765F5071A0D433A006B32F4 /* pex-common.h */,
			);
			name = gcc_interface;
			sourceTree = "<group>";
		};
		276F61E21A6EDD19006704E0 /* UDP */ = {
			isa = PBXGroup;
			children = (
				276F61E31A6EDD2A006704E0 /* GCDAsyncUdpSocket.h */,
				276F61E41A6EDD2A006704E0 /* GCDAsyncUdpSocket.m */,
			);
			name = UDP;
			sourceTree = "<group>";
		};
		276F61E61A6EF2B2006704E0 /* XBee Loader */ = {
			isa = PBXGroup;
			children = (
				276F61EA1A6EF2E1006704E0 /* ConfigurationViewController.h */,
				276F61EB1A6EF2E1006704E0 /* ConfigurationViewController.m */,
				276F61EF1A6EF3A1006704E0 /* ConfigurationViewController.xib */,
				276F61F51A6EF689006704E0 /* LoadImageViewController.h */,
				276F61F61A6EF689006704E0 /* LoadImageViewController.m */,
				276F61F71A6EF689006704E0 /* LoadImageViewController.xib */,
				276F61E71A6EF2C4006704E0 /* Loader.h */,
				276F61E81A6EF2C4006704E0 /* Loader.m */,
				276F61FD1A6EFAED006704E0 /* ProgressView.h */,
				276F61FE1A6EFAED006704E0 /* ProgressView.m */,
				276F61FA1A6EF937006704E0 /* TXBee.h */,
				276F61FB1A6EF937006704E0 /* TXBee.m */,
				276F62031A6EFBE0006704E0 /* UDPDataBuffer.h */,
				276F62041A6EFBE0006704E0 /* UDPDataBuffer.m */,
				276F62001A6EFB64006704E0 /* XBeeCommon.h */,
				276F62011A6EFB64006704E0 /* XBeeCommon.m */,
			);
			name = "XBee Loader";
			sourceTree = "<group>";
		};
/* End PBXGroup section */

/* Begin PBXNativeTarget section */
		274206781910310900FA7E5D /* SimpleIDE */ = {
			isa = PBXNativeTarget;
			buildConfigurationList = 274206AE1910310900FA7E5D /* Build configuration list for PBXNativeTarget "SimpleIDE" */;
			buildPhases = (
				274206751910310900FA7E5D /* Sources */,
				274206761910310900FA7E5D /* Frameworks */,
				274206771910310900FA7E5D /* Resources */,
				27CE41DC1A642FD9002B4EE9 /* ShellScript */,
			);
			buildRules = (
			);
			dependencies = (
			);
			name = SimpleIDE;
			productName = SimpleIDE;
			productReference = 274206791910310900FA7E5D /* SimpleIDE.app */;
			productType = "com.apple.product-type.application";
		};
		2742069C1910310900FA7E5D /* SimpleIDETests */ = {
			isa = PBXNativeTarget;
			buildConfigurationList = 274206B11910310900FA7E5D /* Build configuration list for PBXNativeTarget "SimpleIDETests" */;
			buildPhases = (
				274206991910310900FA7E5D /* Sources */,
				2742069A1910310900FA7E5D /* Frameworks */,
				2742069B1910310900FA7E5D /* Resources */,
			);
			buildRules = (
			);
			dependencies = (
				274206A31910310900FA7E5D /* PBXTargetDependency */,
			);
			name = SimpleIDETests;
			productName = SimpleIDETests;
			productReference = 2742069D1910310900FA7E5D /* SimpleIDETests.xctest */;
			productType = "com.apple.product-type.bundle.unit-test";
		};
/* End PBXNativeTarget section */

/* Begin PBXProject section */
		274206711910310900FA7E5D /* Project object */ = {
			isa = PBXProject;
			attributes = {
				LastUpgradeCheck = 0600;
				ORGANIZATIONNAME = Parallax;
				TargetAttributes = {
					2742069C1910310900FA7E5D = {
						TestTargetID = 274206781910310900FA7E5D;
					};
				};
			};
			buildConfigurationList = 274206741910310900FA7E5D /* Build configuration list for PBXProject "SimpleIDE" */;
			compatibilityVersion = "Xcode 3.2";
			developmentRegion = English;
			hasScannedForEncodings = 0;
			knownRegions = (
				en,
				Base,
			);
			mainGroup = 274206701910310900FA7E5D;
			productRefGroup = 2742067A1910310900FA7E5D /* Products */;
			projectDirPath = "";
			projectRoot = "";
			targets = (
				274206781910310900FA7E5D /* SimpleIDE */,
				2742069C1910310900FA7E5D /* SimpleIDETests */,
			);
		};
/* End PBXProject section */

/* Begin PBXResourcesBuildPhase section */
		274206771910310900FA7E5D /* Resources */ = {
			isa = PBXResourcesBuildPhase;
			buildActionMask = 2147483647;
			files = (
				271BE0EF1A607AC600D38EF9 /* OpenProjectViewController.xib in Resources */,
				271BE0E41A6046C600D38EF9 /* ClockDemo.spin in Resources */,
				27608B411A81430A000AD4C1 /* file.png in Resources */,
				271BE0E31A6046C600D38EF9 /* Clock.spin in Resources */,
				271BE0E71A6046C600D38EF9 /* FloatString.spin in Resources */,
				271BE0E01A6046C600D38EF9 /* Blank.spin in Resources */,
				271BE0E51A6046C600D38EF9 /* Float-Blink_Demo.spin in Resources */,
				27608B471A814713000AD4C1 /* OpenFileViewController.xib in Resources */,
				27BBADA21A707A8F009E1311 /* new.png in Resources */,
				276F61F91A6EF689006704E0 /* LoadImageViewController.xib in Resources */,
				27706A161A82D0E400767B59 /* copy.png in Resources */,
				271BE0E81A6046C600D38EF9 /* LargeSpinCode.spin in Resources */,
				271BE0E61A6046C600D38EF9 /* FloatMath.spin in Resources */,
				271BE0E11A6046C600D38EF9 /* Blink16-23.spin in Resources */,
				27E1F2FA1A6DC87400B30331 /* run.png in Resources */,
				27608B421A81430A000AD4C1 /* project.png in Resources */,
				276F62071A6F1B23006704E0 /* xbee.png in Resources */,
				27DC02D51A76B28A000AE018 /* NewFileOrProjectViewController.xib in Resources */,
				271BE0CD1A5FF39F00D38EF9 /* openproj.png in Resources */,
				27706A151A82D0E400767B59 /* close.png in Resources */,
				274206981910310900FA7E5D /* Images.xcassets in Resources */,
				273F61911A80285200EB2B9F /* RenameFileOrProjectViewController.xib in Resources */,
				271BE0E21A6046C600D38EF9 /* Blink16.spin in Resources */,
				271BE0CF1A5FFF2400D38EF9 /* build.png in Resources */,
				27BBADA31A707A8F009E1311 /* rename.png in Resources */,
				274206871910310900FA7E5D /* InfoPlist.strings in Resources */,
				274206C41910682E00FA7E5D /* PickerViewController_7.xib in Resources */,
				27706A181A82FED400767B59 /* ReadMe.txt in Resources */,
				27BBADA11A707A8F009E1311 /* delete.png in Resources */,
				276F61F11A6EF3A1006704E0 /* ConfigurationViewController.xib in Resources */,
				274206901910310900FA7E5D /* Main.storyboard in Resources */,
				27608B401A81430A000AD4C1 /* build_caption.png in Resources */,
			);
			runOnlyForDeploymentPostprocessing = 0;
		};
		2742069B1910310900FA7E5D /* Resources */ = {
			isa = PBXResourcesBuildPhase;
			buildActionMask = 2147483647;
			files = (
				274206A91910310900FA7E5D /* InfoPlist.strings in Resources */,
			);
			runOnlyForDeploymentPostprocessing = 0;
		};
/* End PBXResourcesBuildPhase section */

/* Begin PBXShellScriptBuildPhase section */
		27CE41DC1A642FD9002B4EE9 /* ShellScript */ = {
			isa = PBXShellScriptBuildPhase;
			buildActionMask = 2147483647;
			files = (
			);
			inputPaths = (
			);
			outputPaths = (
			);
			runOnlyForDeploymentPostprocessing = 0;
			shellPath = /bin/sh;
			shellScript = "KEYWORDS=\"TODO:|\\?\\?\\?:|\\!\\!\\!:\"\nfind ${SRCROOT} \\( -name \"*.h\" -or -name \"*.m\" -or -name \"*.mm\" -or -name \"*.c\" \\) -print0 | \\\nxargs -0 egrep --with-filename --line-number --only-matching \"($KEYWORDS).*\\$\" | \\\nperl -p -e \"s/($KEYWORDS)/ warning: \\$1/\"";
		};
/* End PBXShellScriptBuildPhase section */

/* Begin PBXSourcesBuildPhase section */
		274206751910310900FA7E5D /* Sources */ = {
			isa = PBXSourcesBuildPhase;
			buildActionMask = 2147483647;
			files = (
				271BE0AA1A5F3EC300D38EF9 /* CompileUtilities.cpp in Sources */,
				271BE0AD1A5F3EC300D38EF9 /* ErrorStrings.cpp in Sources */,
				27BFBB0A191186AC0091F183 /* Common.m in Sources */,
				2742068D1910310900FA7E5D /* AppDelegate.m in Sources */,
				271BE0C81A5F55DE00D38EF9 /* SpinCompilerOptionsView.m in Sources */,
				274206BF191039E000FA7E5D /* LinkerOptionsView.m in Sources */,
				271BE0AC1A5F3EC300D38EF9 /* Elementizer.cpp in Sources */,
				271BE0BF1A5F3ED600D38EF9 /* flexbuf.cpp in Sources */,
				276F61F81A6EF689006704E0 /* LoadImageViewController.m in Sources */,
				271BE0EE1A607AC600D38EF9 /* OpenProjectViewController.m in Sources */,
				27CE41DF1A64803F002B4EE9 /* SplitViewControl.m in Sources */,
				276F61E91A6EF2C4006704E0 /* Loader.m in Sources */,
				274206891910310900FA7E5D /* main.m in Sources */,
				271BE0AF1A5F3EC300D38EF9 /* InstructionBlockCompiler.cpp in Sources */,
				273F61901A80285200EB2B9F /* RenameFileOrProjectViewController.m in Sources */,
				275BB9821913046500F0F020 /* HighlighterRule.m in Sources */,
				274206C31910682E00FA7E5D /* PickerViewController.m in Sources */,
				271BE0A71A5F3EC300D38EF9 /* CompileDatBlocks.cpp in Sources */,
				271BE0A81A5F3EC300D38EF9 /* CompileExpression.cpp in Sources */,
				271BE0A91A5F3EC300D38EF9 /* CompileInstruction.cpp in Sources */,
				271BE0C11A5F3ED600D38EF9 /* objectheap.cpp in Sources */,
				276F62021A6EFB64006704E0 /* XBeeCommon.m in Sources */,
				274206BC191039CF00FA7E5D /* CompilerOptionsView.m in Sources */,
				27CE41E81A648478002B4EE9 /* SourceConsoleSplitView.m in Sources */,
				271BE0A61A5F3EC300D38EF9 /* BlockNestStackRoutines.cpp in Sources */,
				27323B251A69AF5C00401E41 /* SpinBackgroundHighlighter.m in Sources */,
				271BE0AB1A5F3EC300D38EF9 /* DistillObjects.cpp in Sources */,
				276F61FF1A6EFAED006704E0 /* ProgressView.m in Sources */,
				2738F4C619182B1900DF7352 /* SpinHighlighter.m in Sources */,
				274206961910310900FA7E5D /* DetailViewController.m in Sources */,
				2722FAFE1918528800B17227 /* DetailViewNavigationControllerViewController.m in Sources */,
				271BE0C41A5F3ED600D38EF9 /* textconvert.cpp in Sources */,
				27CE41E51A64812D002B4EE9 /* SplitView.m in Sources */,
				27608B461A814713000AD4C1 /* OpenFileViewController.m in Sources */,
				271BE0C01A5F3ED600D38EF9 /* preprocess.cpp in Sources */,
				271BE0EA1A60472D00D38EF9 /* Hello_Message.c in Sources */,
				274206B61910349D00FA7E5D /* ProjectViewController.m in Sources */,
				271BE0AE1A5F3EC300D38EF9 /* ExpressionResolver.cpp in Sources */,
				276F61E51A6EDD2A006704E0 /* GCDAsyncUdpSocket.m in Sources */,
				271BE0C21A5F3ED600D38EF9 /* openspin.cpp in Sources */,
				271BE0C31A5F3ED600D38EF9 /* pathentry.cpp in Sources */,
				274206B9191039B500FA7E5D /* ProjectOptionsView.m in Sources */,
				27BFBB071911856A0091F183 /* SourceView.m in Sources */,
				276F61FC1A6EF937006704E0 /* TXBee.m in Sources */,
				276F61EC1A6EF2E1006704E0 /* ConfigurationViewController.m in Sources */,
				276F62051A6EFBE0006704E0 /* UDPDataBuffer.m in Sources */,
				2765F5041A0D3F9B006B32F4 /* iOS_SimpleIDE.m in Sources */,
				27BFBB101911B3880091F183 /* CHighlighter.m in Sources */,
				27BFBB0D1911AD100091F183 /* Highlighter.m in Sources */,
				27DC02D41A76B28A000AE018 /* NewFileOrProjectViewController.m in Sources */,
				271BE0B31A5F3EC300D38EF9 /* Utilities.cpp in Sources */,
				271BE0B01A5F3EC300D38EF9 /* PropellerCompiler.cpp in Sources */,
				271BE0B21A5F3EC300D38EF9 /* SymbolEngine.cpp in Sources */,
				271BE0CB1A5FE17200D38EF9 /* Project.m in Sources */,
				2751D04819EF10D300C37FA1 /* NavToolBar.m in Sources */,
				271BE0B11A5F3EC300D38EF9 /* StringConstantRoutines.cpp in Sources */,
				27CE41E21A648067002B4EE9 /* SplitArrows.m in Sources */,
			);
			runOnlyForDeploymentPostprocessing = 0;
		};
		274206991910310900FA7E5D /* Sources */ = {
			isa = PBXSourcesBuildPhase;
			buildActionMask = 2147483647;
			files = (
				274206AB1910310900FA7E5D /* SimpleIDETests.m in Sources */,
			);
			runOnlyForDeploymentPostprocessing = 0;
		};
/* End PBXSourcesBuildPhase section */

/* Begin PBXTargetDependency section */
		274206A31910310900FA7E5D /* PBXTargetDependency */ = {
			isa = PBXTargetDependency;
			target = 274206781910310900FA7E5D /* SimpleIDE */;
			targetProxy = 274206A21910310900FA7E5D /* PBXContainerItemProxy */;
		};
/* End PBXTargetDependency section */

/* Begin PBXVariantGroup section */
		274206851910310900FA7E5D /* InfoPlist.strings */ = {
			isa = PBXVariantGroup;
			children = (
				274206861910310900FA7E5D /* en */,
			);
			name = InfoPlist.strings;
			sourceTree = "<group>";
		};
		2742068E1910310900FA7E5D /* Main.storyboard */ = {
			isa = PBXVariantGroup;
			children = (
				2742068F1910310900FA7E5D /* Base */,
			);
			name = Main.storyboard;
			sourceTree = "<group>";
		};
		274206A71910310900FA7E5D /* InfoPlist.strings */ = {
			isa = PBXVariantGroup;
			children = (
				274206A81910310900FA7E5D /* en */,
			);
			name = InfoPlist.strings;
			sourceTree = "<group>";
		};
/* End PBXVariantGroup section */

/* Begin XCBuildConfiguration section */
		274206AC1910310900FA7E5D /* Debug */ = {
			isa = XCBuildConfiguration;
			buildSettings = {
				ALWAYS_SEARCH_USER_PATHS = NO;
				CLANG_CXX_LANGUAGE_STANDARD = "gnu++0x";
				CLANG_CXX_LIBRARY = "libc++";
				CLANG_ENABLE_MODULES = YES;
				CLANG_ENABLE_OBJC_ARC = YES;
				CLANG_WARN_BOOL_CONVERSION = YES;
				CLANG_WARN_CONSTANT_CONVERSION = YES;
				CLANG_WARN_DIRECT_OBJC_ISA_USAGE = YES_ERROR;
				CLANG_WARN_EMPTY_BODY = YES;
				CLANG_WARN_ENUM_CONVERSION = YES;
				CLANG_WARN_INT_CONVERSION = YES;
				CLANG_WARN_OBJC_ROOT_CLASS = YES_ERROR;
				CLANG_WARN__DUPLICATE_METHOD_MATCH = YES;
				CODE_SIGN_IDENTITY = "iPhone Developer";
				"CODE_SIGN_IDENTITY[sdk=iphoneos*]" = "iPhone Developer";
				COPY_PHASE_STRIP = NO;
				GCC_C_LANGUAGE_STANDARD = gnu99;
				GCC_DYNAMIC_NO_PIC = NO;
				GCC_OPTIMIZATION_LEVEL = 0;
				GCC_PREPROCESSOR_DEFINITIONS = (
					"DEBUG=1",
					IN_GCC,
					HAVE_STRSIGNAL,
					"__CHAR_BIT__=8",
					"CHAR_BIT=8",
					"SIZEOF_LONG=8",
					"INT_MAX=2147483648",
					GATHER_STATISTICS,
					"TARGET_NAME=\\\"propeller-elf\\\"",
					CROSS_DIRECTORY_STRUCTURE,
					HAVE_CONFIG_H,
				);
				GCC_SYMBOLS_PRIVATE_EXTERN = NO;
				GCC_WARN_64_TO_32_BIT_CONVERSION = NO;
				GCC_WARN_ABOUT_RETURN_TYPE = YES_ERROR;
				GCC_WARN_UNDECLARED_SELECTOR = YES;
				GCC_WARN_UNINITIALIZED_AUTOS = YES_AGGRESSIVE;
				GCC_WARN_UNUSED_FUNCTION = YES;
				GCC_WARN_UNUSED_VARIABLE = YES;
				HEADER_SEARCH_PATHS = (
					"$(inherited)",
					/Applications/Xcode.app/Contents/Developer/Toolchains/XcodeDefault.xctoolchain/usr/include,
					build/gcc/gmp,
				);
				IPHONEOS_DEPLOYMENT_TARGET = 6.0;
				New_Setting = "";
				New_Setting1 = "";
				ONLY_ACTIVE_ARCH = YES;
				SDKROOT = iphoneos;
				TARGETED_DEVICE_FAMILY = 2;
			};
			name = Debug;
		};
		274206AD1910310900FA7E5D /* Release */ = {
			isa = XCBuildConfiguration;
			buildSettings = {
				ALWAYS_SEARCH_USER_PATHS = NO;
				CLANG_CXX_LANGUAGE_STANDARD = "gnu++0x";
				CLANG_CXX_LIBRARY = "libc++";
				CLANG_ENABLE_MODULES = YES;
				CLANG_ENABLE_OBJC_ARC = YES;
				CLANG_WARN_BOOL_CONVERSION = YES;
				CLANG_WARN_CONSTANT_CONVERSION = YES;
				CLANG_WARN_DIRECT_OBJC_ISA_USAGE = YES_ERROR;
				CLANG_WARN_EMPTY_BODY = YES;
				CLANG_WARN_ENUM_CONVERSION = YES;
				CLANG_WARN_INT_CONVERSION = YES;
				CLANG_WARN_OBJC_ROOT_CLASS = YES_ERROR;
				CLANG_WARN__DUPLICATE_METHOD_MATCH = YES;
				CODE_SIGN_IDENTITY = "iPhone Developer";
				"CODE_SIGN_IDENTITY[sdk=iphoneos*]" = "iPhone Developer";
				COPY_PHASE_STRIP = YES;
				ENABLE_NS_ASSERTIONS = NO;
				GCC_C_LANGUAGE_STANDARD = gnu99;
				GCC_PREPROCESSOR_DEFINITIONS = (
					IN_GCC,
					HAVE_STRSIGNAL,
					"__CHAR_BIT__=8",
					"CHAR_BIT=8",
					"SIZEOF_LONG=8",
					"INT_MAX=2147483648",
					GATHER_STATISTICS,
					"TARGET_NAME=\\\"propeller-elf\\\"",
					CROSS_DIRECTORY_STRUCTURE,
					HAVE_CONFIG_H,
				);
				GCC_WARN_64_TO_32_BIT_CONVERSION = NO;
				GCC_WARN_ABOUT_RETURN_TYPE = YES_ERROR;
				GCC_WARN_UNDECLARED_SELECTOR = YES;
				GCC_WARN_UNINITIALIZED_AUTOS = YES_AGGRESSIVE;
				GCC_WARN_UNUSED_FUNCTION = YES;
				GCC_WARN_UNUSED_VARIABLE = YES;
				HEADER_SEARCH_PATHS = (
					"$(inherited)",
					/Applications/Xcode.app/Contents/Developer/Toolchains/XcodeDefault.xctoolchain/usr/include,
					build/gcc/gmp,
				);
				IPHONEOS_DEPLOYMENT_TARGET = 6.0;
				New_Setting = "";
				New_Setting1 = "";
				SDKROOT = iphoneos;
				TARGETED_DEVICE_FAMILY = 2;
				VALIDATE_PRODUCT = YES;
			};
			name = Release;
		};
		274206AF1910310900FA7E5D /* Debug */ = {
			isa = XCBuildConfiguration;
			buildSettings = {
				ARCHS = armv7;
				ASSETCATALOG_COMPILER_APPICON_NAME = AppIcon;
				ASSETCATALOG_COMPILER_LAUNCHIMAGE_NAME = LaunchImage;
				CLANG_WARN_BOOL_CONVERSION = YES;
				CODE_SIGN_IDENTITY = "iPhone Developer: Mike Westerfield (436W7W733E)";
				GCC_PRECOMPILE_PREFIX_HEADER = YES;
				GCC_PREFIX_HEADER = "SimpleIDE/SimpleIDE-Prefix.pch";
				GCC_PREPROCESSOR_DEFINITIONS = (
					"DEBUG=1",
					IN_GCC,
					HAVE_STRSIGNAL,
					"__CHAR_BIT__=8",
					"CHAR_BIT=8",
					"SIZEOF_LONG=8",
					"INT_MAX=2147483648",
					GATHER_STATISTICS,
					"TARGET_NAME=\\\"propeller-elf\\\"",
					CROSS_DIRECTORY_STRUCTURE,
					HAVE_CONFIG_H,
					"BASEVER=\\\"4.6.1\\\"",
					"BUGURL=\\\"<http://code.google.com/p/propgcc/issues>\\\"",
					"PKGVERSION=\\\"(propellergcc-alpha_v1_9_0_)\\\"",
					"DATESTAMP=\\\"9\\ June\\ 2014\\\"",
					"DEVPHASE=\\\"experimental,\\ prerelease,\\ \\\"",
					"REVISION=\\\"1.0.0.0\\\"",
					"PREFIX=\\\"/opt/paralax\\\"",
					"STANDARD_EXEC_PREFIX=\\\"/gnu/libexec/gcc/\\\"",
					"WANT_TMP_ALLOCA=1",
				);
				GCC_WARN_64_TO_32_BIT_CONVERSION = NO;
				INFOPLIST_FILE = "SimpleIDE/SimpleIDE-Info.plist";
				IPHONEOS_DEPLOYMENT_TARGET = 7.0;
				LIBRARY_SEARCH_PATHS = (
					"$(inherited)",
					"$(PROJECT_DIR)/SimpleIDE/build/gcc/gcc/libdecnumber",
					"$(PROJECT_DIR)/SimpleIDE/build/gcc/gcc/libcpp",
					"$(USER_LIBRARY_DIR)/Developer/Xcode/DerivedData/libcpp-fxhoqbppohjdpqbvcpzlvrqtvbnu/Build/Products/Debug-iphoneos",
					"$(USER_LIBRARY_DIR)/Developer/Xcode/DerivedData/libmpfr-grtrkkxcqznmrmcvxdgefesphcbh/Build/Products/Debug-iphoneos",
					"$(USER_LIBRARY_DIR)/Developer/Xcode/DerivedData/libiberty-eyanmlrqfknakvczlnzhdgxhozlq/Build/Products/Debug-iphoneos",
					"$(USER_LIBRARY_DIR)/Developer/Xcode/DerivedData/libbackend-eyhhaizvbpcunialboobkfzykaan/Build/Products/Debug-iphoneos",
					"$(USER_LIBRARY_DIR)/Developer/Xcode/DerivedData/libz-bsmhnlebjnpfclemzaicjakjfptp/Build/Products/Debug-iphoneos",
					"$(PROJECT_DIR)/SimpleIDE",
					"/Users/Mike/Projects/Parallax/gcc/build-ios/gcc/libcpp",
					"$(PROJECT_DIR)/SimpleIDE/libraries/cmm",
					"$(PROJECT_DIR)/SimpleIDE/libraries/Utility/libsimpletools/cmm",
					"$(PROJECT_DIR)/SimpleIDE/libraries/TextDevices/libsimpletext/cmm",
					"$(PROJECT_DIR)/SimpleIDE/libraries/Protocol/libsimplei2c/cmm",
				);
				OTHER_LDFLAGS = "-ObjC";
				PRODUCT_NAME = "$(TARGET_NAME)";
				VALID_ARCHS = armv7;
				WRAPPER_EXTENSION = app;
			};
			name = Debug;
		};
		274206B01910310900FA7E5D /* Release */ = {
			isa = XCBuildConfiguration;
			buildSettings = {
				ARCHS = armv7;
				ASSETCATALOG_COMPILER_APPICON_NAME = AppIcon;
				ASSETCATALOG_COMPILER_LAUNCHIMAGE_NAME = LaunchImage;
				CLANG_WARN_BOOL_CONVERSION = YES;
				CODE_SIGN_IDENTITY = "iPhone Distribution";
				GCC_PRECOMPILE_PREFIX_HEADER = YES;
				GCC_PREFIX_HEADER = "SimpleIDE/SimpleIDE-Prefix.pch";
				GCC_PREPROCESSOR_DEFINITIONS = (
					IN_GCC,
					HAVE_STRSIGNAL,
					"__CHAR_BIT__=8",
					"CHAR_BIT=8",
					"SIZEOF_LONG=8",
					"INT_MAX=2147483648",
					GATHER_STATISTICS,
					"TARGET_NAME=\\\"propeller-elf\\\"",
					CROSS_DIRECTORY_STRUCTURE,
					HAVE_CONFIG_H,
					"BASEVER=\\\"4.6.1\\\"",
					"BUGURL=\\\"<http://code.google.com/p/propgcc/issues>\\\"",
					"PKGVERSION=\\\"(propellergcc-alpha_v1_9_0_)\\\"",
					"DATESTAMP=\\\"9\\ June\\ 2014\\\"",
					"DEVPHASE=\\\"experimental,\\ prerelease,\\ \\\"",
					"REVISION=\\\"1.0.0.0\\\"",
					"PREFIX=\\\"/opt/paralax\\\"",
					"STANDARD_EXEC_PREFIX=\\\"/gnu/libexec/gcc/\\\"",
					"WANT_TMP_ALLOCA=1",
				);
				GCC_WARN_64_TO_32_BIT_CONVERSION = NO;
				INFOPLIST_FILE = "SimpleIDE/SimpleIDE-Info.plist";
				IPHONEOS_DEPLOYMENT_TARGET = 7.0;
				LIBRARY_SEARCH_PATHS = (
					"$(inherited)",
					"$(PROJECT_DIR)/SimpleIDE/build/gcc/gcc/libdecnumber",
					"$(PROJECT_DIR)/SimpleIDE/build/gcc/gcc/libcpp",
					"$(USER_LIBRARY_DIR)/Developer/Xcode/DerivedData/libcpp-fxhoqbppohjdpqbvcpzlvrqtvbnu/Build/Products/Debug-iphoneos",
					"$(USER_LIBRARY_DIR)/Developer/Xcode/DerivedData/libmpfr-grtrkkxcqznmrmcvxdgefesphcbh/Build/Products/Debug-iphoneos",
					"$(USER_LIBRARY_DIR)/Developer/Xcode/DerivedData/libiberty-eyanmlrqfknakvczlnzhdgxhozlq/Build/Products/Debug-iphoneos",
					"$(USER_LIBRARY_DIR)/Developer/Xcode/DerivedData/libbackend-eyhhaizvbpcunialboobkfzykaan/Build/Products/Debug-iphoneos",
					"$(USER_LIBRARY_DIR)/Developer/Xcode/DerivedData/libz-bsmhnlebjnpfclemzaicjakjfptp/Build/Products/Debug-iphoneos",
					"$(PROJECT_DIR)/SimpleIDE",
					"/Users/Mike/Projects/Parallax/gcc/build-ios/gcc/libcpp",
					"$(PROJECT_DIR)/SimpleIDE/libraries/cmm",
					"$(PROJECT_DIR)/SimpleIDE/libraries/Utility/libsimpletools/cmm",
					"$(PROJECT_DIR)/SimpleIDE/libraries/TextDevices/libsimpletext/cmm",
					"$(PROJECT_DIR)/SimpleIDE/libraries/Protocol/libsimplei2c/cmm",
				);
				OTHER_LDFLAGS = "-ObjC";
				PRODUCT_NAME = "$(TARGET_NAME)";
				VALID_ARCHS = armv7;
				WRAPPER_EXTENSION = app;
			};
			name = Release;
		};
		274206B21910310900FA7E5D /* Debug */ = {
			isa = XCBuildConfiguration;
			buildSettings = {
				BUNDLE_LOADER = "$(BUILT_PRODUCTS_DIR)/SimpleIDE.app/SimpleIDE";
				FRAMEWORK_SEARCH_PATHS = (
					"$(SDKROOT)/Developer/Library/Frameworks",
					"$(inherited)",
					"$(DEVELOPER_FRAMEWORKS_DIR)",
				);
				GCC_PRECOMPILE_PREFIX_HEADER = YES;
				GCC_PREFIX_HEADER = "SimpleIDE/SimpleIDE-Prefix.pch";
				GCC_PREPROCESSOR_DEFINITIONS = (
					"DEBUG=1",
					"$(inherited)",
				);
				INFOPLIST_FILE = "SimpleIDETests/SimpleIDETests-Info.plist";
				PRODUCT_NAME = "$(TARGET_NAME)";
				TEST_HOST = "$(BUNDLE_LOADER)";
				WRAPPER_EXTENSION = xctest;
			};
			name = Debug;
		};
		274206B31910310900FA7E5D /* Release */ = {
			isa = XCBuildConfiguration;
			buildSettings = {
				BUNDLE_LOADER = "$(BUILT_PRODUCTS_DIR)/SimpleIDE.app/SimpleIDE";
				FRAMEWORK_SEARCH_PATHS = (
					"$(SDKROOT)/Developer/Library/Frameworks",
					"$(inherited)",
					"$(DEVELOPER_FRAMEWORKS_DIR)",
				);
				GCC_PRECOMPILE_PREFIX_HEADER = YES;
				GCC_PREFIX_HEADER = "SimpleIDE/SimpleIDE-Prefix.pch";
				INFOPLIST_FILE = "SimpleIDETests/SimpleIDETests-Info.plist";
				PRODUCT_NAME = "$(TARGET_NAME)";
				TEST_HOST = "$(BUNDLE_LOADER)";
				WRAPPER_EXTENSION = xctest;
			};
			name = Release;
		};
/* End XCBuildConfiguration section */

/* Begin XCConfigurationList section */
		274206741910310900FA7E5D /* Build configuration list for PBXProject "SimpleIDE" */ = {
			isa = XCConfigurationList;
			buildConfigurations = (
				274206AC1910310900FA7E5D /* Debug */,
				274206AD1910310900FA7E5D /* Release */,
			);
			defaultConfigurationIsVisible = 0;
			defaultConfigurationName = Release;
		};
		274206AE1910310900FA7E5D /* Build configuration list for PBXNativeTarget "SimpleIDE" */ = {
			isa = XCConfigurationList;
			buildConfigurations = (
				274206AF1910310900FA7E5D /* Debug */,
				274206B01910310900FA7E5D /* Release */,
			);
			defaultConfigurationIsVisible = 0;
			defaultConfigurationName = Release;
		};
		274206B11910310900FA7E5D /* Build configuration list for PBXNativeTarget "SimpleIDETests" */ = {
			isa = XCConfigurationList;
			buildConfigurations = (
				274206B21910310900FA7E5D /* Debug */,
				274206B31910310900FA7E5D /* Release */,
			);
			defaultConfigurationIsVisible = 0;
			defaultConfigurationName = Release;
		};
/* End XCConfigurationList section */
	};
	rootObject = 274206711910310900FA7E5D /* Project object */;
}
